// !$*UTF8*$!
{
	archiveVersion = 1;
	classes = {
	};
	objectVersion = 50;
	objects = {

/* Begin PBXBuildFile section */
		B113FD542657BBF30080FDE2 /* CropTheMessage.swift in Sources */ = {isa = PBXBuildFile; fileRef = B113FD532657BBF30080FDE2 /* CropTheMessage.swift */; };
		B113FD562657BEA60080FDE2 /* CropTheMessageTests.swift in Sources */ = {isa = PBXBuildFile; fileRef = B113FD552657BEA60080FDE2 /* CropTheMessageTests.swift */; };
		B113FD582657C3050080FDE2 /* EvenWord.swift in Sources */ = {isa = PBXBuildFile; fileRef = B113FD572657C3050080FDE2 /* EvenWord.swift */; };
		B113FD5A2657C5070080FDE2 /* EvenWordTests.swift in Sources */ = {isa = PBXBuildFile; fileRef = B113FD592657C5070080FDE2 /* EvenWordTests.swift */; };
		B113FD5C2657C5ED0080FDE2 /* DistinctArrayGenerator.swift in Sources */ = {isa = PBXBuildFile; fileRef = B113FD5B2657C5ED0080FDE2 /* DistinctArrayGenerator.swift */; };
		B113FD5E2657C7DD0080FDE2 /* DistinctArrayGeneratorTests.swift in Sources */ = {isa = PBXBuildFile; fileRef = B113FD5D2657C7DD0080FDE2 /* DistinctArrayGeneratorTests.swift */; };
		B113FD602657E1DB0080FDE2 /* PlusOne.swift in Sources */ = {isa = PBXBuildFile; fileRef = B113FD5F2657E1DB0080FDE2 /* PlusOne.swift */; };
		B113FD622657E1FB0080FDE2 /* PlusOneTests.swift in Sources */ = {isa = PBXBuildFile; fileRef = B113FD612657E1FB0080FDE2 /* PlusOneTests.swift */; };
		B133D02A2659434B002E4B62 /* WholeWeeks.swift in Sources */ = {isa = PBXBuildFile; fileRef = B133D0292659434B002E4B62 /* WholeWeeks.swift */; };
		B133D02C26594380002E4B62 /* WholeWeeksTests.swift in Sources */ = {isa = PBXBuildFile; fileRef = B133D02B26594380002E4B62 /* WholeWeeksTests.swift */; };
		B1F72483263EAC5200A50B69 /* LeetCode.framework in Frameworks */ = {isa = PBXBuildFile; fileRef = B1F72479263EAC5200A50B69 /* LeetCode.framework */; };
		B1F7248A263EAC5200A50B69 /* LeetCode.h in Headers */ = {isa = PBXBuildFile; fileRef = B1F7247C263EAC5200A50B69 /* LeetCode.h */; settings = {ATTRIBUTES = (Public, ); }; };
		B1F72495263EACA000A50B69 /* ReverseString.swift in Sources */ = {isa = PBXBuildFile; fileRef = B1F72494263EACA000A50B69 /* ReverseString.swift */; };
		B1F72498263EAD0D00A50B69 /* ReverseStringTests.swift in Sources */ = {isa = PBXBuildFile; fileRef = B1F72497263EAD0D00A50B69 /* ReverseStringTests.swift */; };
		B1F7249A263FAE6D00A50B69 /* GlobalFunc.swift in Sources */ = {isa = PBXBuildFile; fileRef = B1F72499263FAE6D00A50B69 /* GlobalFunc.swift */; };
		B1F7249D263FC7C300A50B69 /* TwoSum.swift in Sources */ = {isa = PBXBuildFile; fileRef = B1F7249C263FC7C300A50B69 /* TwoSum.swift */; };
		B1F7249F263FC7D400A50B69 /* TwoSumTests.swift in Sources */ = {isa = PBXBuildFile; fileRef = B1F7249E263FC7D400A50B69 /* TwoSumTests.swift */; };
		B1F724A1263FCE1400A50B69 /* FirstLastPosition.swift in Sources */ = {isa = PBXBuildFile; fileRef = B1F724A0263FCE1400A50B69 /* FirstLastPosition.swift */; };
		B1F724A3263FCE4200A50B69 /* FirstLastPositionTests.swift in Sources */ = {isa = PBXBuildFile; fileRef = B1F724A2263FCE4200A50B69 /* FirstLastPositionTests.swift */; };
/* End PBXBuildFile section */

/* Begin PBXContainerItemProxy section */
		B1F72484263EAC5200A50B69 /* PBXContainerItemProxy */ = {
			isa = PBXContainerItemProxy;
			containerPortal = B1F72470263EAC5200A50B69 /* Project object */;
			proxyType = 1;
			remoteGlobalIDString = B1F72478263EAC5200A50B69;
			remoteInfo = LeetCode;
		};
/* End PBXContainerItemProxy section */

/* Begin PBXFileReference section */
		B113FD532657BBF30080FDE2 /* CropTheMessage.swift */ = {isa = PBXFileReference; lastKnownFileType = sourcecode.swift; path = CropTheMessage.swift; sourceTree = "<group>"; };
		B113FD552657BEA60080FDE2 /* CropTheMessageTests.swift */ = {isa = PBXFileReference; lastKnownFileType = sourcecode.swift; path = CropTheMessageTests.swift; sourceTree = "<group>"; };
		B113FD572657C3050080FDE2 /* EvenWord.swift */ = {isa = PBXFileReference; lastKnownFileType = sourcecode.swift; path = EvenWord.swift; sourceTree = "<group>"; };
		B113FD592657C5070080FDE2 /* EvenWordTests.swift */ = {isa = PBXFileReference; lastKnownFileType = sourcecode.swift; path = EvenWordTests.swift; sourceTree = "<group>"; };
		B113FD5B2657C5ED0080FDE2 /* DistinctArrayGenerator.swift */ = {isa = PBXFileReference; lastKnownFileType = sourcecode.swift; path = DistinctArrayGenerator.swift; sourceTree = "<group>"; };
		B113FD5D2657C7DD0080FDE2 /* DistinctArrayGeneratorTests.swift */ = {isa = PBXFileReference; lastKnownFileType = sourcecode.swift; path = DistinctArrayGeneratorTests.swift; sourceTree = "<group>"; };
		B113FD5F2657E1DB0080FDE2 /* PlusOne.swift */ = {isa = PBXFileReference; lastKnownFileType = sourcecode.swift; path = PlusOne.swift; sourceTree = "<group>"; };
		B113FD612657E1FB0080FDE2 /* PlusOneTests.swift */ = {isa = PBXFileReference; lastKnownFileType = sourcecode.swift; path = PlusOneTests.swift; sourceTree = "<group>"; };
		B133D0292659434B002E4B62 /* WholeWeeks.swift */ = {isa = PBXFileReference; lastKnownFileType = sourcecode.swift; path = WholeWeeks.swift; sourceTree = "<group>"; };
		B133D02B26594380002E4B62 /* WholeWeeksTests.swift */ = {isa = PBXFileReference; lastKnownFileType = sourcecode.swift; path = WholeWeeksTests.swift; sourceTree = "<group>"; };
		B133D02D26594474002E4B62 /* LeetCode.xctestplan */ = {isa = PBXFileReference; lastKnownFileType = text; name = LeetCode.xctestplan; path = LeetCode.xcodeproj/LeetCode.xctestplan; sourceTree = "<group>"; };
		B1F72479263EAC5200A50B69 /* LeetCode.framework */ = {isa = PBXFileReference; explicitFileType = wrapper.framework; includeInIndex = 0; path = LeetCode.framework; sourceTree = BUILT_PRODUCTS_DIR; };
		B1F7247C263EAC5200A50B69 /* LeetCode.h */ = {isa = PBXFileReference; lastKnownFileType = sourcecode.c.h; path = LeetCode.h; sourceTree = "<group>"; };
		B1F7247D263EAC5200A50B69 /* Info.plist */ = {isa = PBXFileReference; lastKnownFileType = text.plist.xml; path = Info.plist; sourceTree = "<group>"; };
		B1F72482263EAC5200A50B69 /* LeetCodeTests.xctest */ = {isa = PBXFileReference; explicitFileType = wrapper.cfbundle; includeInIndex = 0; path = LeetCodeTests.xctest; sourceTree = BUILT_PRODUCTS_DIR; };
		B1F72489263EAC5200A50B69 /* Info.plist */ = {isa = PBXFileReference; lastKnownFileType = text.plist.xml; path = Info.plist; sourceTree = "<group>"; };
		B1F72494263EACA000A50B69 /* ReverseString.swift */ = {isa = PBXFileReference; lastKnownFileType = sourcecode.swift; path = ReverseString.swift; sourceTree = "<group>"; };
		B1F72497263EAD0D00A50B69 /* ReverseStringTests.swift */ = {isa = PBXFileReference; lastKnownFileType = sourcecode.swift; path = ReverseStringTests.swift; sourceTree = "<group>"; };
		B1F72499263FAE6D00A50B69 /* GlobalFunc.swift */ = {isa = PBXFileReference; lastKnownFileType = sourcecode.swift; path = GlobalFunc.swift; sourceTree = "<group>"; };
		B1F7249C263FC7C300A50B69 /* TwoSum.swift */ = {isa = PBXFileReference; lastKnownFileType = sourcecode.swift; path = TwoSum.swift; sourceTree = "<group>"; };
		B1F7249E263FC7D400A50B69 /* TwoSumTests.swift */ = {isa = PBXFileReference; lastKnownFileType = sourcecode.swift; path = TwoSumTests.swift; sourceTree = "<group>"; };
		B1F724A0263FCE1400A50B69 /* FirstLastPosition.swift */ = {isa = PBXFileReference; lastKnownFileType = sourcecode.swift; path = FirstLastPosition.swift; sourceTree = "<group>"; };
		B1F724A2263FCE4200A50B69 /* FirstLastPositionTests.swift */ = {isa = PBXFileReference; lastKnownFileType = sourcecode.swift; path = FirstLastPositionTests.swift; sourceTree = "<group>"; };
/* End PBXFileReference section */

/* Begin PBXFrameworksBuildPhase section */
		B1F72476263EAC5200A50B69 /* Frameworks */ = {
			isa = PBXFrameworksBuildPhase;
			buildActionMask = 2147483647;
			files = (
			);
			runOnlyForDeploymentPostprocessing = 0;
		};
		B1F7247F263EAC5200A50B69 /* Frameworks */ = {
			isa = PBXFrameworksBuildPhase;
			buildActionMask = 2147483647;
			files = (
				B1F72483263EAC5200A50B69 /* LeetCode.framework in Frameworks */,
			);
			runOnlyForDeploymentPostprocessing = 0;
		};
/* End PBXFrameworksBuildPhase section */

/* Begin PBXGroup section */
		B1F7246F263EAC5200A50B69 = {
			isa = PBXGroup;
			children = (
				B133D02D26594474002E4B62 /* LeetCode.xctestplan */,
				B1F7247B263EAC5200A50B69 /* LeetCode */,
				B1F72486263EAC5200A50B69 /* LeetCodeTests */,
				B1F7247A263EAC5200A50B69 /* Products */,
			);
			sourceTree = "<group>";
		};
		B1F7247A263EAC5200A50B69 /* Products */ = {
			isa = PBXGroup;
			children = (
				B1F72479263EAC5200A50B69 /* LeetCode.framework */,
				B1F72482263EAC5200A50B69 /* LeetCodeTests.xctest */,
			);
			name = Products;
			sourceTree = "<group>";
		};
		B1F7247B263EAC5200A50B69 /* LeetCode */ = {
			isa = PBXGroup;
			children = (
				B1F7247C263EAC5200A50B69 /* LeetCode.h */,
				B1F7247D263EAC5200A50B69 /* Info.plist */,
				B1F72499263FAE6D00A50B69 /* GlobalFunc.swift */,
				B1F72494263EACA000A50B69 /* ReverseString.swift */,
				B1F7249C263FC7C300A50B69 /* TwoSum.swift */,
				B1F724A0263FCE1400A50B69 /* FirstLastPosition.swift */,
				B113FD532657BBF30080FDE2 /* CropTheMessage.swift */,
				B113FD572657C3050080FDE2 /* EvenWord.swift */,
				B113FD5B2657C5ED0080FDE2 /* DistinctArrayGenerator.swift */,
				B113FD5F2657E1DB0080FDE2 /* PlusOne.swift */,
				B133D0292659434B002E4B62 /* WholeWeeks.swift */,
			);
			path = LeetCode;
			sourceTree = "<group>";
		};
		B1F72486263EAC5200A50B69 /* LeetCodeTests */ = {
			isa = PBXGroup;
			children = (
				B1F72489263EAC5200A50B69 /* Info.plist */,
				B1F72497263EAD0D00A50B69 /* ReverseStringTests.swift */,
				B1F7249E263FC7D400A50B69 /* TwoSumTests.swift */,
				B1F724A2263FCE4200A50B69 /* FirstLastPositionTests.swift */,
				B113FD552657BEA60080FDE2 /* CropTheMessageTests.swift */,
				B113FD592657C5070080FDE2 /* EvenWordTests.swift */,
				B113FD5D2657C7DD0080FDE2 /* DistinctArrayGeneratorTests.swift */,
				B113FD612657E1FB0080FDE2 /* PlusOneTests.swift */,
				B133D02B26594380002E4B62 /* WholeWeeksTests.swift */,
			);
			path = LeetCodeTests;
			sourceTree = "<group>";
		};
/* End PBXGroup section */

/* Begin PBXHeadersBuildPhase section */
		B1F72474263EAC5200A50B69 /* Headers */ = {
			isa = PBXHeadersBuildPhase;
			buildActionMask = 2147483647;
			files = (
				B1F7248A263EAC5200A50B69 /* LeetCode.h in Headers */,
			);
			runOnlyForDeploymentPostprocessing = 0;
		};
/* End PBXHeadersBuildPhase section */

/* Begin PBXNativeTarget section */
		B1F72478263EAC5200A50B69 /* LeetCode */ = {
			isa = PBXNativeTarget;
			buildConfigurationList = B1F7248D263EAC5200A50B69 /* Build configuration list for PBXNativeTarget "LeetCode" */;
			buildPhases = (
				B1F72474263EAC5200A50B69 /* Headers */,
				B1F72475263EAC5200A50B69 /* Sources */,
				B1F72476263EAC5200A50B69 /* Frameworks */,
				B1F72477263EAC5200A50B69 /* Resources */,
			);
			buildRules = (
			);
			dependencies = (
			);
			name = LeetCode;
			productName = LeetCode;
			productReference = B1F72479263EAC5200A50B69 /* LeetCode.framework */;
			productType = "com.apple.product-type.framework";
		};
		B1F72481263EAC5200A50B69 /* LeetCodeTests */ = {
			isa = PBXNativeTarget;
			buildConfigurationList = B1F72490263EAC5200A50B69 /* Build configuration list for PBXNativeTarget "LeetCodeTests" */;
			buildPhases = (
				B1F7247E263EAC5200A50B69 /* Sources */,
				B1F7247F263EAC5200A50B69 /* Frameworks */,
				B1F72480263EAC5200A50B69 /* Resources */,
			);
			buildRules = (
			);
			dependencies = (
				B1F72485263EAC5200A50B69 /* PBXTargetDependency */,
			);
			name = LeetCodeTests;
			productName = LeetCodeTests;
			productReference = B1F72482263EAC5200A50B69 /* LeetCodeTests.xctest */;
			productType = "com.apple.product-type.bundle.unit-test";
		};
/* End PBXNativeTarget section */

/* Begin PBXProject section */
		B1F72470263EAC5200A50B69 /* Project object */ = {
			isa = PBXProject;
			attributes = {
				LastSwiftUpdateCheck = 1250;
				LastUpgradeCheck = 1250;
				TargetAttributes = {
					B1F72478263EAC5200A50B69 = {
						CreatedOnToolsVersion = 12.5;
						LastSwiftMigration = 1250;
					};
					B1F72481263EAC5200A50B69 = {
						CreatedOnToolsVersion = 12.5;
					};
				};
			};
			buildConfigurationList = B1F72473263EAC5200A50B69 /* Build configuration list for PBXProject "LeetCode" */;
			compatibilityVersion = "Xcode 9.3";
			developmentRegion = en;
			hasScannedForEncodings = 0;
			knownRegions = (
				en,
				Base,
			);
			mainGroup = B1F7246F263EAC5200A50B69;
			productRefGroup = B1F7247A263EAC5200A50B69 /* Products */;
			projectDirPath = "";
			projectRoot = "";
			targets = (
				B1F72478263EAC5200A50B69 /* LeetCode */,
				B1F72481263EAC5200A50B69 /* LeetCodeTests */,
			);
		};
/* End PBXProject section */

/* Begin PBXResourcesBuildPhase section */
		B1F72477263EAC5200A50B69 /* Resources */ = {
			isa = PBXResourcesBuildPhase;
			buildActionMask = 2147483647;
			files = (
			);
			runOnlyForDeploymentPostprocessing = 0;
		};
		B1F72480263EAC5200A50B69 /* Resources */ = {
			isa = PBXResourcesBuildPhase;
			buildActionMask = 2147483647;
			files = (
			);
			runOnlyForDeploymentPostprocessing = 0;
		};
/* End PBXResourcesBuildPhase section */

/* Begin PBXSourcesBuildPhase section */
		B1F72475263EAC5200A50B69 /* Sources */ = {
			isa = PBXSourcesBuildPhase;
			buildActionMask = 2147483647;
			files = (
				B1F7249A263FAE6D00A50B69 /* GlobalFunc.swift in Sources */,
				B113FD582657C3050080FDE2 /* EvenWord.swift in Sources */,
				B1F72495263EACA000A50B69 /* ReverseString.swift in Sources */,
				B113FD5C2657C5ED0080FDE2 /* DistinctArrayGenerator.swift in Sources */,
				B113FD542657BBF30080FDE2 /* CropTheMessage.swift in Sources */,
				B1F7249D263FC7C300A50B69 /* TwoSum.swift in Sources */,
				B133D02A2659434B002E4B62 /* WholeWeeks.swift in Sources */,
				B113FD602657E1DB0080FDE2 /* PlusOne.swift in Sources */,
				B1F724A1263FCE1400A50B69 /* FirstLastPosition.swift in Sources */,
			);
			runOnlyForDeploymentPostprocessing = 0;
		};
		B1F7247E263EAC5200A50B69 /* Sources */ = {
			isa = PBXSourcesBuildPhase;
			buildActionMask = 2147483647;
			files = (
				B1F72498263EAD0D00A50B69 /* ReverseStringTests.swift in Sources */,
				B133D02C26594380002E4B62 /* WholeWeeksTests.swift in Sources */,
				B113FD562657BEA60080FDE2 /* CropTheMessageTests.swift in Sources */,
				B113FD622657E1FB0080FDE2 /* PlusOneTests.swift in Sources */,
				B1F7249F263FC7D400A50B69 /* TwoSumTests.swift in Sources */,
				B113FD5A2657C5070080FDE2 /* EvenWordTests.swift in Sources */,
				B1F724A3263FCE4200A50B69 /* FirstLastPositionTests.swift in Sources */,
				B113FD5E2657C7DD0080FDE2 /* DistinctArrayGeneratorTests.swift in Sources */,
			);
			runOnlyForDeploymentPostprocessing = 0;
		};
/* End PBXSourcesBuildPhase section */

/* Begin PBXTargetDependency section */
		B1F72485263EAC5200A50B69 /* PBXTargetDependency */ = {
			isa = PBXTargetDependency;
			target = B1F72478263EAC5200A50B69 /* LeetCode */;
			targetProxy = B1F72484263EAC5200A50B69 /* PBXContainerItemProxy */;
		};
/* End PBXTargetDependency section */

/* Begin XCBuildConfiguration section */
		B1F7248B263EAC5200A50B69 /* Debug */ = {
			isa = XCBuildConfiguration;
			buildSettings = {
				ALWAYS_SEARCH_USER_PATHS = NO;
				CLANG_ANALYZER_NONNULL = YES;
				CLANG_ANALYZER_NUMBER_OBJECT_CONVERSION = YES_AGGRESSIVE;
				CLANG_CXX_LANGUAGE_STANDARD = "gnu++14";
				CLANG_CXX_LIBRARY = "libc++";
				CLANG_ENABLE_MODULES = YES;
				CLANG_ENABLE_OBJC_ARC = YES;
				CLANG_ENABLE_OBJC_WEAK = YES;
				CLANG_WARN_BLOCK_CAPTURE_AUTORELEASING = YES;
				CLANG_WARN_BOOL_CONVERSION = YES;
				CLANG_WARN_COMMA = YES;
				CLANG_WARN_CONSTANT_CONVERSION = YES;
				CLANG_WARN_DEPRECATED_OBJC_IMPLEMENTATIONS = YES;
				CLANG_WARN_DIRECT_OBJC_ISA_USAGE = YES_ERROR;
				CLANG_WARN_DOCUMENTATION_COMMENTS = YES;
				CLANG_WARN_EMPTY_BODY = YES;
				CLANG_WARN_ENUM_CONVERSION = YES;
				CLANG_WARN_INFINITE_RECURSION = YES;
				CLANG_WARN_INT_CONVERSION = YES;
				CLANG_WARN_NON_LITERAL_NULL_CONVERSION = YES;
				CLANG_WARN_OBJC_IMPLICIT_RETAIN_SELF = YES;
				CLANG_WARN_OBJC_LITERAL_CONVERSION = YES;
				CLANG_WARN_OBJC_ROOT_CLASS = YES_ERROR;
				CLANG_WARN_QUOTED_INCLUDE_IN_FRAMEWORK_HEADER = YES;
				CLANG_WARN_RANGE_LOOP_ANALYSIS = YES;
				CLANG_WARN_STRICT_PROTOTYPES = YES;
				CLANG_WARN_SUSPICIOUS_MOVE = YES;
				CLANG_WARN_UNGUARDED_AVAILABILITY = YES_AGGRESSIVE;
				CLANG_WARN_UNREACHABLE_CODE = YES;
				CLANG_WARN__DUPLICATE_METHOD_MATCH = YES;
				COPY_PHASE_STRIP = NO;
				CURRENT_PROJECT_VERSION = 1;
				DEBUG_INFORMATION_FORMAT = dwarf;
				ENABLE_STRICT_OBJC_MSGSEND = YES;
				ENABLE_TESTABILITY = YES;
				GCC_C_LANGUAGE_STANDARD = gnu11;
				GCC_DYNAMIC_NO_PIC = NO;
				GCC_NO_COMMON_BLOCKS = YES;
				GCC_OPTIMIZATION_LEVEL = 0;
				GCC_PREPROCESSOR_DEFINITIONS = (
					"DEBUG=1",
					"$(inherited)",
				);
				GCC_WARN_64_TO_32_BIT_CONVERSION = YES;
				GCC_WARN_ABOUT_RETURN_TYPE = YES_ERROR;
				GCC_WARN_UNDECLARED_SELECTOR = YES;
				GCC_WARN_UNINITIALIZED_AUTOS = YES_AGGRESSIVE;
				GCC_WARN_UNUSED_FUNCTION = YES;
				GCC_WARN_UNUSED_VARIABLE = YES;
				IPHONEOS_DEPLOYMENT_TARGET = 13.0;
				MACOSX_DEPLOYMENT_TARGET = 10.15;
				MTL_ENABLE_DEBUG_INFO = INCLUDE_SOURCE;
				MTL_FAST_MATH = YES;
				ONLY_ACTIVE_ARCH = YES;
				SDKROOT = iphoneos;
				SWIFT_ACTIVE_COMPILATION_CONDITIONS = DEBUG;
				SWIFT_OPTIMIZATION_LEVEL = "-Onone";
				VERSIONING_SYSTEM = "apple-generic";
				VERSION_INFO_PREFIX = "";
			};
			name = Debug;
		};
		B1F7248C263EAC5200A50B69 /* Release */ = {
			isa = XCBuildConfiguration;
			buildSettings = {
				ALWAYS_SEARCH_USER_PATHS = NO;
				CLANG_ANALYZER_NONNULL = YES;
				CLANG_ANALYZER_NUMBER_OBJECT_CONVERSION = YES_AGGRESSIVE;
				CLANG_CXX_LANGUAGE_STANDARD = "gnu++14";
				CLANG_CXX_LIBRARY = "libc++";
				CLANG_ENABLE_MODULES = YES;
				CLANG_ENABLE_OBJC_ARC = YES;
				CLANG_ENABLE_OBJC_WEAK = YES;
				CLANG_WARN_BLOCK_CAPTURE_AUTORELEASING = YES;
				CLANG_WARN_BOOL_CONVERSION = YES;
				CLANG_WARN_COMMA = YES;
				CLANG_WARN_CONSTANT_CONVERSION = YES;
				CLANG_WARN_DEPRECATED_OBJC_IMPLEMENTATIONS = YES;
				CLANG_WARN_DIRECT_OBJC_ISA_USAGE = YES_ERROR;
				CLANG_WARN_DOCUMENTATION_COMMENTS = YES;
				CLANG_WARN_EMPTY_BODY = YES;
				CLANG_WARN_ENUM_CONVERSION = YES;
				CLANG_WARN_INFINITE_RECURSION = YES;
				CLANG_WARN_INT_CONVERSION = YES;
				CLANG_WARN_NON_LITERAL_NULL_CONVERSION = YES;
				CLANG_WARN_OBJC_IMPLICIT_RETAIN_SELF = YES;
				CLANG_WARN_OBJC_LITERAL_CONVERSION = YES;
				CLANG_WARN_OBJC_ROOT_CLASS = YES_ERROR;
				CLANG_WARN_QUOTED_INCLUDE_IN_FRAMEWORK_HEADER = YES;
				CLANG_WARN_RANGE_LOOP_ANALYSIS = YES;
				CLANG_WARN_STRICT_PROTOTYPES = YES;
				CLANG_WARN_SUSPICIOUS_MOVE = YES;
				CLANG_WARN_UNGUARDED_AVAILABILITY = YES_AGGRESSIVE;
				CLANG_WARN_UNREACHABLE_CODE = YES;
				CLANG_WARN__DUPLICATE_METHOD_MATCH = YES;
				COPY_PHASE_STRIP = NO;
				CURRENT_PROJECT_VERSION = 1;
				DEBUG_INFORMATION_FORMAT = "dwarf-with-dsym";
				ENABLE_NS_ASSERTIONS = NO;
				ENABLE_STRICT_OBJC_MSGSEND = YES;
				GCC_C_LANGUAGE_STANDARD = gnu11;
				GCC_NO_COMMON_BLOCKS = YES;
				GCC_WARN_64_TO_32_BIT_CONVERSION = YES;
				GCC_WARN_ABOUT_RETURN_TYPE = YES_ERROR;
				GCC_WARN_UNDECLARED_SELECTOR = YES;
				GCC_WARN_UNINITIALIZED_AUTOS = YES_AGGRESSIVE;
				GCC_WARN_UNUSED_FUNCTION = YES;
				GCC_WARN_UNUSED_VARIABLE = YES;
				IPHONEOS_DEPLOYMENT_TARGET = 13.0;
				MACOSX_DEPLOYMENT_TARGET = 10.15;
				MTL_ENABLE_DEBUG_INFO = NO;
				MTL_FAST_MATH = YES;
				SDKROOT = iphoneos;
				SWIFT_COMPILATION_MODE = wholemodule;
				SWIFT_OPTIMIZATION_LEVEL = "-O";
				VALIDATE_PRODUCT = YES;
				VERSIONING_SYSTEM = "apple-generic";
				VERSION_INFO_PREFIX = "";
			};
			name = Release;
		};
		B1F7248E263EAC5200A50B69 /* Debug */ = {
			isa = XCBuildConfiguration;
			buildSettings = {
				CLANG_ENABLE_MODULES = YES;
				CODE_SIGN_STYLE = Automatic;
				DEFINES_MODULE = YES;
				DEVELOPMENT_TEAM = "";
				DYLIB_COMPATIBILITY_VERSION = 1;
				DYLIB_CURRENT_VERSION = 1;
				DYLIB_INSTALL_NAME_BASE = "@rpath";
				INFOPLIST_FILE = LeetCode/Info.plist;
				INSTALL_PATH = "$(LOCAL_LIBRARY_DIR)/Frameworks";
				IPHONEOS_DEPLOYMENT_TARGET = 13.0;
				"IPHONEOS_DEPLOYMENT_TARGET[sdk=macosx*]" = 13.5;
				LD_RUNPATH_SEARCH_PATHS = (
					"$(inherited)",
					"@executable_path/Frameworks",
					"@loader_path/Frameworks",
				);
				PRODUCT_BUNDLE_IDENTIFIER = com.progresivisme.LeetCode;
				PRODUCT_NAME = "$(TARGET_NAME:c99extidentifier)";
				SKIP_INSTALL = YES;
				SUPPORTS_MACCATALYST = NO;
				SUPPORTS_MAC_DESIGNED_FOR_IPHONE_IPAD = YES;
				SWIFT_OPTIMIZATION_LEVEL = "-Onone";
				SWIFT_VERSION = 5.0;
				TARGETED_DEVICE_FAMILY = "1,2";
			};
			name = Debug;
		};
		B1F7248F263EAC5200A50B69 /* Release */ = {
			isa = XCBuildConfiguration;
			buildSettings = {
				CLANG_ENABLE_MODULES = YES;
				CODE_SIGN_STYLE = Automatic;
				DEFINES_MODULE = YES;
				DEVELOPMENT_TEAM = "";
				DYLIB_COMPATIBILITY_VERSION = 1;
				DYLIB_CURRENT_VERSION = 1;
				DYLIB_INSTALL_NAME_BASE = "@rpath";
				INFOPLIST_FILE = LeetCode/Info.plist;
				INSTALL_PATH = "$(LOCAL_LIBRARY_DIR)/Frameworks";
				IPHONEOS_DEPLOYMENT_TARGET = 13.0;
				"IPHONEOS_DEPLOYMENT_TARGET[sdk=macosx*]" = 13.5;
				LD_RUNPATH_SEARCH_PATHS = (
					"$(inherited)",
					"@executable_path/Frameworks",
					"@loader_path/Frameworks",
				);
				PRODUCT_BUNDLE_IDENTIFIER = com.progresivisme.LeetCode;
				PRODUCT_NAME = "$(TARGET_NAME:c99extidentifier)";
				SKIP_INSTALL = YES;
				SUPPORTS_MACCATALYST = NO;
				SUPPORTS_MAC_DESIGNED_FOR_IPHONE_IPAD = YES;
				SWIFT_VERSION = 5.0;
				TARGETED_DEVICE_FAMILY = "1,2";
			};
			name = Release;
		};
		B1F72491263EAC5200A50B69 /* Debug */ = {
			isa = XCBuildConfiguration;
			buildSettings = {
				ALWAYS_EMBED_SWIFT_STANDARD_LIBRARIES = YES;
				CODE_SIGN_IDENTITY = "Apple Development";
				"CODE_SIGN_IDENTITY[sdk=macosx*]" = "-";
				CODE_SIGN_STYLE = Manual;
				DEVELOPMENT_TEAM = "";
				INFOPLIST_FILE = LeetCodeTests/Info.plist;
				LD_RUNPATH_SEARCH_PATHS = (
					"$(inherited)",
					"@executable_path/Frameworks",
					"@loader_path/Frameworks",
				);
				MACOSX_DEPLOYMENT_TARGET = 10.15;
				PRODUCT_BUNDLE_IDENTIFIER = com.progresivisme.LeetCodeTests;
				PRODUCT_NAME = "$(TARGET_NAME)";
				PROVISIONING_PROFILE_SPECIFIER = "";
				"PROVISIONING_PROFILE_SPECIFIER[sdk=macosx*]" = "";
				SWIFT_VERSION = 5.0;
				TARGETED_DEVICE_FAMILY = "1,2";
			};
			name = Debug;
		};
		B1F72492263EAC5200A50B69 /* Release */ = {
			isa = XCBuildConfiguration;
			buildSettings = {
				ALWAYS_EMBED_SWIFT_STANDARD_LIBRARIES = YES;
				CODE_SIGN_IDENTITY = "Apple Development";
				"CODE_SIGN_IDENTITY[sdk=macosx*]" = "-";
				CODE_SIGN_STYLE = Manual;
				DEVELOPMENT_TEAM = "";
				INFOPLIST_FILE = LeetCodeTests/Info.plist;
				LD_RUNPATH_SEARCH_PATHS = (
					"$(inherited)",
					"@executable_path/Frameworks",
					"@loader_path/Frameworks",
				);
				MACOSX_DEPLOYMENT_TARGET = 10.15;
				PRODUCT_BUNDLE_IDENTIFIER = com.progresivisme.LeetCodeTests;
				PRODUCT_NAME = "$(TARGET_NAME)";
				PROVISIONING_PROFILE_SPECIFIER = "";
				"PROVISIONING_PROFILE_SPECIFIER[sdk=macosx*]" = "";
				SWIFT_VERSION = 5.0;
				TARGETED_DEVICE_FAMILY = "1,2";
			};
			name = Release;
		};
/* End XCBuildConfiguration section */

/* Begin XCConfigurationList section */
		B1F72473263EAC5200A50B69 /* Build configuration list for PBXProject "LeetCode" */ = {
			isa = XCConfigurationList;
			buildConfigurations = (
				B1F7248B263EAC5200A50B69 /* Debug */,
				B1F7248C263EAC5200A50B69 /* Release */,
			);
			defaultConfigurationIsVisible = 0;
			defaultConfigurationName = Release;
		};
		B1F7248D263EAC5200A50B69 /* Build configuration list for PBXNativeTarget "LeetCode" */ = {
			isa = XCConfigurationList;
			buildConfigurations = (
				B1F7248E263EAC5200A50B69 /* Debug */,
				B1F7248F263EAC5200A50B69 /* Release */,
			);
			defaultConfigurationIsVisible = 0;
			defaultConfigurationName = Release;
		};
		B1F72490263EAC5200A50B69 /* Build configuration list for PBXNativeTarget "LeetCodeTests" */ = {
			isa = XCConfigurationList;
			buildConfigurations = (
				B1F72491263EAC5200A50B69 /* Debug */,
				B1F72492263EAC5200A50B69 /* Release */,
			);
			defaultConfigurationIsVisible = 0;
			defaultConfigurationName = Release;
		};
/* End XCConfigurationList section */
	};
	rootObject = B1F72470263EAC5200A50B69 /* Project object */;
}
