// !$*UTF8*$!
{
	archiveVersion = 1;
	classes = {
	};
	objectVersion = 50;
	objects = {

/* Begin PBXBuildFile section */
		B113FD562657BEA60080FDE2 /* CropTheMessage.swift in Sources */ = {isa = PBXBuildFile; fileRef = B113FD552657BEA60080FDE2 /* CropTheMessage.swift */; };
		B113FD5A2657C5070080FDE2 /* EvenWord.swift in Sources */ = {isa = PBXBuildFile; fileRef = B113FD592657C5070080FDE2 /* EvenWord.swift */; };
		B113FD5E2657C7DD0080FDE2 /* DistinctArrayGenerator.swift in Sources */ = {isa = PBXBuildFile; fileRef = B113FD5D2657C7DD0080FDE2 /* DistinctArrayGenerator.swift */; };
		B113FD622657E1FB0080FDE2 /* 66-PlusOne.swift in Sources */ = {isa = PBXBuildFile; fileRef = B113FD612657E1FB0080FDE2 /* 66-PlusOne.swift */; };
		B133D02C26594380002E4B62 /* WholeWeeks.swift in Sources */ = {isa = PBXBuildFile; fileRef = B133D02B26594380002E4B62 /* WholeWeeks.swift */; };
		B133D031265955CF002E4B62 /* 21-MergeSortedLists.swift in Sources */ = {isa = PBXBuildFile; fileRef = B133D030265955CF002E4B62 /* 21-MergeSortedLists.swift */; };
		B15E239026595E430094BC0E /* ListNode.swift in Sources */ = {isa = PBXBuildFile; fileRef = B15E238F26595E430094BC0E /* ListNode.swift */; };
		B15E239526595E890094BC0E /* 206-ReverseLists.swift in Sources */ = {isa = PBXBuildFile; fileRef = B15E239426595E890094BC0E /* 206-ReverseLists.swift */; };
		B15E2399265965B60094BC0E /* 234-PalindromeLists.swift in Sources */ = {isa = PBXBuildFile; fileRef = B15E2398265965B60094BC0E /* 234-PalindromeLists.swift */; };
		B15E239D265969780094BC0E /* 415-AddStrings.swift in Sources */ = {isa = PBXBuildFile; fileRef = B15E239C265969780094BC0E /* 415-AddStrings.swift */; };
		B15E23A1265A0CC70094BC0E /* SalesByMatch.swift in Sources */ = {isa = PBXBuildFile; fileRef = B15E23A0265A0CC70094BC0E /* SalesByMatch.swift */; };
		B15E23A5265A0F250094BC0E /* CountingValleys.swift in Sources */ = {isa = PBXBuildFile; fileRef = B15E23A4265A0F250094BC0E /* CountingValleys.swift */; };
		B15E23A9265A18C40094BC0E /* JumpingClouds.swift in Sources */ = {isa = PBXBuildFile; fileRef = B15E23A8265A18C40094BC0E /* JumpingClouds.swift */; };
		B15E23AD265A1DFD0094BC0E /* RepeatedString.swift in Sources */ = {isa = PBXBuildFile; fileRef = B15E23AC265A1DFD0094BC0E /* RepeatedString.swift */; };
		B15E23B0265A2AD40094BC0E /* String.swift in Sources */ = {isa = PBXBuildFile; fileRef = B15E23AF265A2AD40094BC0E /* String.swift */; };
		B15E23B4265A2B070094BC0E /* Collection.swift in Sources */ = {isa = PBXBuildFile; fileRef = B15E23B3265A2B070094BC0E /* Collection.swift */; };
		B15E23B8265A2E4D0094BC0E /* TwoDArray.swift in Sources */ = {isa = PBXBuildFile; fileRef = B15E23B7265A2E4D0094BC0E /* TwoDArray.swift */; };
		B15E23BC265A36DF0094BC0E /* LeftRotation.swift in Sources */ = {isa = PBXBuildFile; fileRef = B15E23BB265A36DF0094BC0E /* LeftRotation.swift */; };
		B15E23C0265A68E00094BC0E /* NewYearChaos.swift in Sources */ = {isa = PBXBuildFile; fileRef = B15E23BF265A68DF0094BC0E /* NewYearChaos.swift */; };
		B15E23C4265A77220094BC0E /* MinSwaps2.swift in Sources */ = {isa = PBXBuildFile; fileRef = B15E23C3265A77220094BC0E /* MinSwaps2.swift */; };
		B15E23C8265A89B30094BC0E /* ArrayManipulation.swift in Sources */ = {isa = PBXBuildFile; fileRef = B15E23C7265A89B30094BC0E /* ArrayManipulation.swift */; };
		B15E23CC265A9C310094BC0E /* MakingAnagrams.swift in Sources */ = {isa = PBXBuildFile; fileRef = B15E23CB265A9C310094BC0E /* MakingAnagrams.swift */; };
		B1E97397265BEE6D00F5F172 /* AlternatingCharacters.swift in Sources */ = {isa = PBXBuildFile; fileRef = B1E97396265BEE6D00F5F172 /* AlternatingCharacters.swift */; };
		B1E9739B265BF11000F5F172 /* SherlockValidString.swift in Sources */ = {isa = PBXBuildFile; fileRef = B1E9739A265BF11000F5F172 /* SherlockValidString.swift */; };
		B1EE9F222663DA8D008DFDCD /* 1031-MaxSumNonOverlapping.swift in Sources */ = {isa = PBXBuildFile; fileRef = B1EE9F212663DA8D008DFDCD /* 1031-MaxSumNonOverlapping.swift */; };
		B1F72483263EAC5200A50B69 /* AlgorithmExercise.framework in Frameworks */ = {isa = PBXBuildFile; fileRef = B1F72479263EAC5200A50B69 /* AlgorithmExercise.framework */; };
		B1F72498263EAD0D00A50B69 /* 344-ReverseString.swift in Sources */ = {isa = PBXBuildFile; fileRef = B1F72497263EAD0D00A50B69 /* 344-ReverseString.swift */; };
		B1F7249A263FAE6D00A50B69 /* GlobalFunc.swift in Sources */ = {isa = PBXBuildFile; fileRef = B1F72499263FAE6D00A50B69 /* GlobalFunc.swift */; };
		B1F7249F263FC7D400A50B69 /* 1-TwoSum.swift in Sources */ = {isa = PBXBuildFile; fileRef = B1F7249E263FC7D400A50B69 /* 1-TwoSum.swift */; };
		B1F724A3263FCE4200A50B69 /* 34-FirstLastPosition.swift in Sources */ = {isa = PBXBuildFile; fileRef = B1F724A2263FCE4200A50B69 /* 34-FirstLastPosition.swift */; };
		B1FB1687265E2C1D00824A22 /* SessionWatcher.swift in Sources */ = {isa = PBXBuildFile; fileRef = B1FB1686265E2C1D00824A22 /* SessionWatcher.swift */; };
		B1FB168B265E3C6600824A22 /* SwiftValueType.swift in Sources */ = {isa = PBXBuildFile; fileRef = B1FB168A265E3C6600824A22 /* SwiftValueType.swift */; };
		B1FB168F265E4CA700824A22 /* DateUtils.swift in Sources */ = {isa = PBXBuildFile; fileRef = B1FB168E265E4CA700824A22 /* DateUtils.swift */; };
		B1FB1694265E59C200824A22 /* PlusOperator.swift in Sources */ = {isa = PBXBuildFile; fileRef = B1FB1693265E59C200824A22 /* PlusOperator.swift */; };
		B1FB1698265E5E7900824A22 /* UrlRequestProvider.swift in Sources */ = {isa = PBXBuildFile; fileRef = B1FB1697265E5E7900824A22 /* UrlRequestProvider.swift */; };
		B1FB169E265E6B4300824A22 /* CarList.swift in Sources */ = {isa = PBXBuildFile; fileRef = B1FB169D265E6B4200824A22 /* CarList.swift */; };
		FE0D671027EDCCC300E18B97 /* 1257-smallest-common-regions-t.swift in Sources */ = {isa = PBXBuildFile; fileRef = FE0D670F27EDCCC300E18B97 /* 1257-smallest-common-regions-t.swift */; };
		FE0D671227EDE2DF00E18B97 /* 1650-lca-bt-3.swift in Sources */ = {isa = PBXBuildFile; fileRef = FE0D671127EDE2DF00E18B97 /* 1650-lca-bt-3.swift */; };
		FE0D671427EDE2FD00E18B97 /* Node.swift in Sources */ = {isa = PBXBuildFile; fileRef = FE0D671327EDE2FD00E18B97 /* Node.swift */; };
		FE0D671627EDF19F00E18B97 /* 189-rotate-array.swift in Sources */ = {isa = PBXBuildFile; fileRef = FE0D671527EDF19F00E18B97 /* 189-rotate-array.swift */; };
		FE0D671827EE063400E18B97 /* 61-rotate-list.swift in Sources */ = {isa = PBXBuildFile; fileRef = FE0D671727EE063400E18B97 /* 61-rotate-list.swift */; };
		FE19AF2D27EB631100978A0D /* TreeNode.swift in Sources */ = {isa = PBXBuildFile; fileRef = FE19AF2C27EB631100978A0D /* TreeNode.swift */; };
		FE19AF2F27EB815C00978A0D /* 236-lowest-common-ancestor-bt.swift in Sources */ = {isa = PBXBuildFile; fileRef = FE19AF2E27EB815C00978A0D /* 236-lowest-common-ancestor-bt.swift */; };
		FE30F98227B566E80090A2B5 /* 235-first-bad-version.swift in Sources */ = {isa = PBXBuildFile; fileRef = FE30F98127B566E80090A2B5 /* 235-first-bad-version.swift */; };
		FE31FAAC27FF2CF900A6476E /* ConcurrencyTests.swift in Sources */ = {isa = PBXBuildFile; fileRef = FE31FAAB27FF2CF900A6476E /* ConcurrencyTests.swift */; };
		FE3D00A927FC4DC10040DECA /* MergedSortedArrays.swift in Sources */ = {isa = PBXBuildFile; fileRef = FE3D00A827FC4DC10040DECA /* MergedSortedArrays.swift */; };
		FE42643027F2CC7300038B65 /* 105-construct-bt-preorder-inorder.swift in Sources */ = {isa = PBXBuildFile; fileRef = FE42642F27F2CC7300038B65 /* 105-construct-bt-preorder-inorder.swift */; };
		FE42643227F2D97400038B65 /* 98-validate-bst.swift in Sources */ = {isa = PBXBuildFile; fileRef = FE42643127F2D97400038B65 /* 98-validate-bst.swift */; };
		FE42643527F2E16400038B65 /* Sum-near-arr.swift in Sources */ = {isa = PBXBuildFile; fileRef = FE42643427F2E16400038B65 /* Sum-near-arr.swift */; };
		FE42643727F2F8D200038B65 /* 230-kth-smallest-bst.swift in Sources */ = {isa = PBXBuildFile; fileRef = FE42643627F2F8D200038B65 /* 230-kth-smallest-bst.swift */; };
		FE42643927F329A700038B65 /* 208-implement-trie.swift in Sources */ = {isa = PBXBuildFile; fileRef = FE42643827F329A700038B65 /* 208-implement-trie.swift */; };
		FE42643B27F3525F00038B65 /* 676-implement-magic-dict.swift in Sources */ = {isa = PBXBuildFile; fileRef = FE42643A27F3525F00038B65 /* 676-implement-magic-dict.swift */; };
		FE4C1E732799ABB7002CFAC6 /* 235-lowest-common-ancestor-bst.swift in Sources */ = {isa = PBXBuildFile; fileRef = FE4C1E722799ABB7002CFAC6 /* 235-lowest-common-ancestor-bst.swift */; };
		FE7E3E94280092E7003A5CE0 /* 1047-remove-all-adjacent-duplicates-string.swift in Sources */ = {isa = PBXBuildFile; fileRef = FE7E3E93280092E7003A5CE0 /* 1047-remove-all-adjacent-duplicates-string.swift */; };
		FE7E3E96280096E0003A5CE0 /* 1209-remove-all-adjacent-duplicates-string-2.swift in Sources */ = {isa = PBXBuildFile; fileRef = FE7E3E95280096E0003A5CE0 /* 1209-remove-all-adjacent-duplicates-string-2.swift */; };
		FE7E3E9828009B81003A5CE0 /* 50-pow-x-n.swift in Sources */ = {isa = PBXBuildFile; fileRef = FE7E3E9728009B81003A5CE0 /* 50-pow-x-n.swift */; };
		FE7E3E9A280136BC003A5CE0 /* BSTConstruction.swift in Sources */ = {isa = PBXBuildFile; fileRef = FE7E3E99280136BC003A5CE0 /* BSTConstruction.swift */; };
		FE7E3E9C280297EF003A5CE0 /* 450-delete-node-bst.swift in Sources */ = {isa = PBXBuildFile; fileRef = FE7E3E9B280297EF003A5CE0 /* 450-delete-node-bst.swift */; };
		FE7E3E9E2802C975003A5CE0 /* SortKSortedArray.swift in Sources */ = {isa = PBXBuildFile; fileRef = FE7E3E9D2802C975003A5CE0 /* SortKSortedArray.swift */; };
		FE7E3EA02802E062003A5CE0 /* MinHeap.swift in Sources */ = {isa = PBXBuildFile; fileRef = FE7E3E9F2802E062003A5CE0 /* MinHeap.swift */; };
		FE7E3EA22802E3B5003A5CE0 /* HeapTests.swift in Sources */ = {isa = PBXBuildFile; fileRef = FE7E3EA12802E3B5003A5CE0 /* HeapTests.swift */; };
		FE7E3EA42802F796003A5CE0 /* ContinuousMedianHandler.swift in Sources */ = {isa = PBXBuildFile; fileRef = FE7E3EA32802F796003A5CE0 /* ContinuousMedianHandler.swift */; };
		FE7E3EA628030129003A5CE0 /* MaxHeap.swift in Sources */ = {isa = PBXBuildFile; fileRef = FE7E3EA528030129003A5CE0 /* MaxHeap.swift */; };
		FE928A8127F6AE2A00607EF3 /* ThreeNumberSum.swift in Sources */ = {isa = PBXBuildFile; fileRef = FE928A8027F6AE2A00607EF3 /* ThreeNumberSum.swift */; };
		FE928A8327F6DBF900607EF3 /* ValidIpAddresses.swift in Sources */ = {isa = PBXBuildFile; fileRef = FE928A8227F6DBF900607EF3 /* ValidIpAddresses.swift */; };
		FE928A8527F7020200607EF3 /* RemoveKthNodeEnd.swift in Sources */ = {isa = PBXBuildFile; fileRef = FE928A8427F7020200607EF3 /* RemoveKthNodeEnd.swift */; };
		FE928A8727F709F600607EF3 /* GroupAnagrams.swift in Sources */ = {isa = PBXBuildFile; fileRef = FE928A8627F709F600607EF3 /* GroupAnagrams.swift */; };
		FE928A8927F7125600607EF3 /* SuffixTrieConstruction.swift in Sources */ = {isa = PBXBuildFile; fileRef = FE928A8827F7125600607EF3 /* SuffixTrieConstruction.swift */; };
		FE928A8B27F7525100607EF3 /* FindClosestValueBST.swift in Sources */ = {isa = PBXBuildFile; fileRef = FE928A8A27F7525100607EF3 /* FindClosestValueBST.swift */; };
		FE928A8D27F80A5200607EF3 /* SortedSquaredArray.swift in Sources */ = {isa = PBXBuildFile; fileRef = FE928A8C27F80A5200607EF3 /* SortedSquaredArray.swift */; };
		FE928A8F27F80B7300607EF3 /* TournamentWinner.swift in Sources */ = {isa = PBXBuildFile; fileRef = FE928A8E27F80B7300607EF3 /* TournamentWinner.swift */; };
		FE928A9127F80E1300607EF3 /* NonConstructibleChange.swift in Sources */ = {isa = PBXBuildFile; fileRef = FE928A9027F80E1300607EF3 /* NonConstructibleChange.swift */; };
		FE928A9327F8151400607EF3 /* SmallestDifference.swift in Sources */ = {isa = PBXBuildFile; fileRef = FE928A9227F8151400607EF3 /* SmallestDifference.swift */; };
		FE928A9527F8199000607EF3 /* NthFibonacci.swift in Sources */ = {isa = PBXBuildFile; fileRef = FE928A9427F8199000607EF3 /* NthFibonacci.swift */; };
		FE928A9727F81B7000607EF3 /* ProductSum.swift in Sources */ = {isa = PBXBuildFile; fileRef = FE928A9627F81B7000607EF3 /* ProductSum.swift */; };
		FE928A9F27F81FC100607EF3 /* Permutations.swift in Sources */ = {isa = PBXBuildFile; fileRef = FE928A9E27F81FC100607EF3 /* Permutations.swift */; };
		FE928AA127F82ACC00607EF3 /* Powerset.swift in Sources */ = {isa = PBXBuildFile; fileRef = FE928AA027F82ACC00607EF3 /* Powerset.swift */; };
		FE928AA427F83C1C00607EF3 /* MaxSubsetSumNoAdjacent.swift in Sources */ = {isa = PBXBuildFile; fileRef = FE928AA327F83C1C00607EF3 /* MaxSubsetSumNoAdjacent.swift */; };
		FE928AA627F8A76C00607EF3 /* MoveElementToEnd.swift in Sources */ = {isa = PBXBuildFile; fileRef = FE928AA527F8A76C00607EF3 /* MoveElementToEnd.swift */; };
		FE928AA827F8A97B00607EF3 /* MonotonicArray.swift in Sources */ = {isa = PBXBuildFile; fileRef = FE928AA727F8A97B00607EF3 /* MonotonicArray.swift */; };
		FE928AAA27F948D600607EF3 /* SingleCycleCheck.swift in Sources */ = {isa = PBXBuildFile; fileRef = FE928AA927F948D600607EF3 /* SingleCycleCheck.swift */; };
		FE928AAF27F9792500607EF3 /* SNTrialTest1.swift in Sources */ = {isa = PBXBuildFile; fileRef = FE928AAE27F9792500607EF3 /* SNTrialTest1.swift */; };
		FE928AB127F9792F00607EF3 /* SNTrialTest2.swift in Sources */ = {isa = PBXBuildFile; fileRef = FE928AB027F9792F00607EF3 /* SNTrialTest2.swift */; };
		FE928AB327F9793800607EF3 /* SNTest1.swift in Sources */ = {isa = PBXBuildFile; fileRef = FE928AB227F9793800607EF3 /* SNTest1.swift */; };
		FE928AB527F9793F00607EF3 /* SNTest2.swift in Sources */ = {isa = PBXBuildFile; fileRef = FE928AB427F9793F00607EF3 /* SNTest2.swift */; };
		FE928AB727F9807D00607EF3 /* BinaryGap.swift in Sources */ = {isa = PBXBuildFile; fileRef = FE928AB627F9807D00607EF3 /* BinaryGap.swift */; };
		FE928AB927F9855F00607EF3 /* CyclicRotation.swift in Sources */ = {isa = PBXBuildFile; fileRef = FE928AB827F9855F00607EF3 /* CyclicRotation.swift */; };
		FE928ABB27F9898500607EF3 /* OddOccurrencesInArray.swift in Sources */ = {isa = PBXBuildFile; fileRef = FE928ABA27F9898500607EF3 /* OddOccurrencesInArray.swift */; };
		FE928ABD27F98D3B00607EF3 /* FrogJmp.swift in Sources */ = {isa = PBXBuildFile; fileRef = FE928ABC27F98D3B00607EF3 /* FrogJmp.swift */; };
		FE928ABF27F98F3F00607EF3 /* PermMissingElem.swift in Sources */ = {isa = PBXBuildFile; fileRef = FE928ABE27F98F3F00607EF3 /* PermMissingElem.swift */; };
		FE928AC327F9A01700607EF3 /* TapeEquilibrium.swift in Sources */ = {isa = PBXBuildFile; fileRef = FE928AC227F9A01700607EF3 /* TapeEquilibrium.swift */; };
		FE928AC527F9A93000607EF3 /* FrogRiverOne.swift in Sources */ = {isa = PBXBuildFile; fileRef = FE928AC427F9A93000607EF3 /* FrogRiverOne.swift */; };
		FE928AC727F9B69100607EF3 /* PermCheck.swift in Sources */ = {isa = PBXBuildFile; fileRef = FE928AC627F9B69100607EF3 /* PermCheck.swift */; };
		FE928AC927F9BB1300607EF3 /* MaxCounters.swift in Sources */ = {isa = PBXBuildFile; fileRef = FE928AC827F9BB1300607EF3 /* MaxCounters.swift */; };
		FE928ACB27F9C2E300607EF3 /* MissingInteger.swift in Sources */ = {isa = PBXBuildFile; fileRef = FE928ACA27F9C2E300607EF3 /* MissingInteger.swift */; };
		FE928ACD27F9C46600607EF3 /* PassingCars.swift in Sources */ = {isa = PBXBuildFile; fileRef = FE928ACC27F9C46600607EF3 /* PassingCars.swift */; };
		FE928ACF27F9E22900607EF3 /* 11-container-with-most-water.swift in Sources */ = {isa = PBXBuildFile; fileRef = FE928ACE27F9E22900607EF3 /* 11-container-with-most-water.swift */; };
		FE928AD127F9EAEF00607EF3 /* 23-merge-k-sorted-list.swift in Sources */ = {isa = PBXBuildFile; fileRef = FE928AD027F9EAEF00607EF3 /* 23-merge-k-sorted-list.swift */; };
		FE928AD327F9ECA000607EF3 /* 1143-longest-common-subsequence.swift in Sources */ = {isa = PBXBuildFile; fileRef = FE928AD227F9ECA000607EF3 /* 1143-longest-common-subsequence.swift */; };
		FEAC0C7F27F21480000BEF22 /* 725-split-linkedlist.swift in Sources */ = {isa = PBXBuildFile; fileRef = FEAC0C7E27F21480000BEF22 /* 725-split-linkedlist.swift */; };
		FEAC0C8127F2C6DF000BEF22 /* 102-bt-level-order-traversal.swift in Sources */ = {isa = PBXBuildFile; fileRef = FEAC0C8027F2C6DF000BEF22 /* 102-bt-level-order-traversal.swift */; };
		FEBA4E58280571BC00B7833C /* 23-merge-k-sorted-lists.swift in Sources */ = {isa = PBXBuildFile; fileRef = FEBA4E57280571BC00B7833C /* 23-merge-k-sorted-lists.swift */; };
		FEBA4E5A280578DF00B7833C /* Heap.swift in Sources */ = {isa = PBXBuildFile; fileRef = FEBA4E59280578DF00B7833C /* Heap.swift */; };
		FEBA4E5C28058B3300B7833C /* 295-find-median-from-data-stream.swift in Sources */ = {isa = PBXBuildFile; fileRef = FEBA4E5B28058B3300B7833C /* 295-find-median-from-data-stream.swift */; };
		FEBA4E5E2805973600B7833C /* 480-sliding-window-median.swift in Sources */ = {isa = PBXBuildFile; fileRef = FEBA4E5D2805973600B7833C /* 480-sliding-window-median.swift */; };
		FEBF6A6B27F4B58400A219FB /* RiverSize.swift in Sources */ = {isa = PBXBuildFile; fileRef = FEBF6A6A27F4B58400A219FB /* RiverSize.swift */; };
		FEBFDE992807A37100D1B232 /* 79-word-search.swift in Sources */ = {isa = PBXBuildFile; fileRef = FEBFDE982807A37100D1B232 /* 79-word-search.swift */; };
		FEBFDE9B2807D4D300D1B232 /* 394-decode-string.swift in Sources */ = {isa = PBXBuildFile; fileRef = FEBFDE9A2807D4D300D1B232 /* 394-decode-string.swift */; };
		FEBFDE9F2808275F00D1B232 /* 784-letter-case-permutation.swift in Sources */ = {isa = PBXBuildFile; fileRef = FEBFDE9E2808275F00D1B232 /* 784-letter-case-permutation.swift */; };
		FEBFDEA3280979DA00D1B232 /* IdealDay.swift in Sources */ = {isa = PBXBuildFile; fileRef = FEBFDEA2280979DA00D1B232 /* IdealDay.swift */; };
		FEBFDEA528097FBC00D1B232 /* 937-reorder-data-in-log-files.swift in Sources */ = {isa = PBXBuildFile; fileRef = FEBFDEA428097FBC00D1B232 /* 937-reorder-data-in-log-files.swift */; };
		FEBFDEA82809882100D1B232 /* 1268-search-suggestions-system.swift in Sources */ = {isa = PBXBuildFile; fileRef = FEBFDEA72809882100D1B232 /* 1268-search-suggestions-system.swift */; };
		FEC9521327FC6C6D00FCE62A /* MinHeapConstruction.swift in Sources */ = {isa = PBXBuildFile; fileRef = FEC9521227FC6C6D00FCE62A /* MinHeapConstruction.swift */; };
		FED7DA0B27FDA57A002A119E /* 739-daily-temperatures.swift in Sources */ = {isa = PBXBuildFile; fileRef = FED7DA0A27FDA57A002A119E /* 739-daily-temperatures.swift */; };
		FED7DA0D27FDF642002A119E /* FourNumberSum.swift in Sources */ = {isa = PBXBuildFile; fileRef = FED7DA0C27FDF642002A119E /* FourNumberSum.swift */; };
/* End PBXBuildFile section */

/* Begin PBXContainerItemProxy section */
		B1F72484263EAC5200A50B69 /* PBXContainerItemProxy */ = {
			isa = PBXContainerItemProxy;
			containerPortal = B1F72470263EAC5200A50B69 /* Project object */;
			proxyType = 1;
			remoteGlobalIDString = B1F72478263EAC5200A50B69;
			remoteInfo = LeetCode;
		};
/* End PBXContainerItemProxy section */

/* Begin PBXFileReference section */
		B113FD552657BEA60080FDE2 /* CropTheMessage.swift */ = {isa = PBXFileReference; lastKnownFileType = sourcecode.swift; path = CropTheMessage.swift; sourceTree = "<group>"; };
		B113FD592657C5070080FDE2 /* EvenWord.swift */ = {isa = PBXFileReference; lastKnownFileType = sourcecode.swift; path = EvenWord.swift; sourceTree = "<group>"; };
		B113FD5D2657C7DD0080FDE2 /* DistinctArrayGenerator.swift */ = {isa = PBXFileReference; lastKnownFileType = sourcecode.swift; path = DistinctArrayGenerator.swift; sourceTree = "<group>"; };
		B113FD612657E1FB0080FDE2 /* 66-PlusOne.swift */ = {isa = PBXFileReference; lastKnownFileType = sourcecode.swift; path = "66-PlusOne.swift"; sourceTree = "<group>"; };
		B133D02B26594380002E4B62 /* WholeWeeks.swift */ = {isa = PBXFileReference; lastKnownFileType = sourcecode.swift; path = WholeWeeks.swift; sourceTree = "<group>"; };
		B133D030265955CF002E4B62 /* 21-MergeSortedLists.swift */ = {isa = PBXFileReference; lastKnownFileType = sourcecode.swift; path = "21-MergeSortedLists.swift"; sourceTree = "<group>"; };
		B15E238F26595E430094BC0E /* ListNode.swift */ = {isa = PBXFileReference; lastKnownFileType = sourcecode.swift; path = ListNode.swift; sourceTree = "<group>"; };
		B15E239426595E890094BC0E /* 206-ReverseLists.swift */ = {isa = PBXFileReference; lastKnownFileType = sourcecode.swift; path = "206-ReverseLists.swift"; sourceTree = "<group>"; };
		B15E2398265965B60094BC0E /* 234-PalindromeLists.swift */ = {isa = PBXFileReference; lastKnownFileType = sourcecode.swift; path = "234-PalindromeLists.swift"; sourceTree = "<group>"; };
		B15E239C265969780094BC0E /* 415-AddStrings.swift */ = {isa = PBXFileReference; lastKnownFileType = sourcecode.swift; path = "415-AddStrings.swift"; sourceTree = "<group>"; };
		B15E23A0265A0CC70094BC0E /* SalesByMatch.swift */ = {isa = PBXFileReference; lastKnownFileType = sourcecode.swift; path = SalesByMatch.swift; sourceTree = "<group>"; };
		B15E23A4265A0F250094BC0E /* CountingValleys.swift */ = {isa = PBXFileReference; lastKnownFileType = sourcecode.swift; path = CountingValleys.swift; sourceTree = "<group>"; };
		B15E23A8265A18C40094BC0E /* JumpingClouds.swift */ = {isa = PBXFileReference; lastKnownFileType = sourcecode.swift; path = JumpingClouds.swift; sourceTree = "<group>"; };
		B15E23AC265A1DFD0094BC0E /* RepeatedString.swift */ = {isa = PBXFileReference; lastKnownFileType = sourcecode.swift; path = RepeatedString.swift; sourceTree = "<group>"; };
		B15E23AF265A2AD40094BC0E /* String.swift */ = {isa = PBXFileReference; lastKnownFileType = sourcecode.swift; path = String.swift; sourceTree = "<group>"; };
		B15E23B3265A2B070094BC0E /* Collection.swift */ = {isa = PBXFileReference; lastKnownFileType = sourcecode.swift; path = Collection.swift; sourceTree = "<group>"; };
		B15E23B7265A2E4D0094BC0E /* TwoDArray.swift */ = {isa = PBXFileReference; lastKnownFileType = sourcecode.swift; path = TwoDArray.swift; sourceTree = "<group>"; };
		B15E23BB265A36DF0094BC0E /* LeftRotation.swift */ = {isa = PBXFileReference; lastKnownFileType = sourcecode.swift; path = LeftRotation.swift; sourceTree = "<group>"; };
		B15E23BF265A68DF0094BC0E /* NewYearChaos.swift */ = {isa = PBXFileReference; lastKnownFileType = sourcecode.swift; path = NewYearChaos.swift; sourceTree = "<group>"; };
		B15E23C3265A77220094BC0E /* MinSwaps2.swift */ = {isa = PBXFileReference; lastKnownFileType = sourcecode.swift; path = MinSwaps2.swift; sourceTree = "<group>"; };
		B15E23C7265A89B30094BC0E /* ArrayManipulation.swift */ = {isa = PBXFileReference; lastKnownFileType = sourcecode.swift; path = ArrayManipulation.swift; sourceTree = "<group>"; };
		B15E23CB265A9C310094BC0E /* MakingAnagrams.swift */ = {isa = PBXFileReference; lastKnownFileType = sourcecode.swift; path = MakingAnagrams.swift; sourceTree = "<group>"; };
		B1E97396265BEE6D00F5F172 /* AlternatingCharacters.swift */ = {isa = PBXFileReference; lastKnownFileType = sourcecode.swift; path = AlternatingCharacters.swift; sourceTree = "<group>"; };
		B1E9739A265BF11000F5F172 /* SherlockValidString.swift */ = {isa = PBXFileReference; lastKnownFileType = sourcecode.swift; path = SherlockValidString.swift; sourceTree = "<group>"; };
		B1EE9F212663DA8D008DFDCD /* 1031-MaxSumNonOverlapping.swift */ = {isa = PBXFileReference; lastKnownFileType = sourcecode.swift; path = "1031-MaxSumNonOverlapping.swift"; sourceTree = "<group>"; };
		B1F72479263EAC5200A50B69 /* AlgorithmExercise.framework */ = {isa = PBXFileReference; explicitFileType = wrapper.framework; includeInIndex = 0; path = AlgorithmExercise.framework; sourceTree = BUILT_PRODUCTS_DIR; };
		B1F7247D263EAC5200A50B69 /* Info.plist */ = {isa = PBXFileReference; lastKnownFileType = text.plist.xml; path = Info.plist; sourceTree = "<group>"; };
		B1F72482263EAC5200A50B69 /* AlgorithmExerciseTests.xctest */ = {isa = PBXFileReference; explicitFileType = wrapper.cfbundle; includeInIndex = 0; path = AlgorithmExerciseTests.xctest; sourceTree = BUILT_PRODUCTS_DIR; };
		B1F72489263EAC5200A50B69 /* Info.plist */ = {isa = PBXFileReference; lastKnownFileType = text.plist.xml; path = Info.plist; sourceTree = "<group>"; };
		B1F72497263EAD0D00A50B69 /* 344-ReverseString.swift */ = {isa = PBXFileReference; lastKnownFileType = sourcecode.swift; path = "344-ReverseString.swift"; sourceTree = "<group>"; };
		B1F72499263FAE6D00A50B69 /* GlobalFunc.swift */ = {isa = PBXFileReference; lastKnownFileType = sourcecode.swift; path = GlobalFunc.swift; sourceTree = "<group>"; };
		B1F7249E263FC7D400A50B69 /* 1-TwoSum.swift */ = {isa = PBXFileReference; lastKnownFileType = sourcecode.swift; path = "1-TwoSum.swift"; sourceTree = "<group>"; };
		B1F724A2263FCE4200A50B69 /* 34-FirstLastPosition.swift */ = {isa = PBXFileReference; lastKnownFileType = sourcecode.swift; path = "34-FirstLastPosition.swift"; sourceTree = "<group>"; };
		B1FB1686265E2C1D00824A22 /* SessionWatcher.swift */ = {isa = PBXFileReference; lastKnownFileType = sourcecode.swift; path = SessionWatcher.swift; sourceTree = "<group>"; };
		B1FB168A265E3C6600824A22 /* SwiftValueType.swift */ = {isa = PBXFileReference; lastKnownFileType = sourcecode.swift; path = SwiftValueType.swift; sourceTree = "<group>"; };
		B1FB168E265E4CA700824A22 /* DateUtils.swift */ = {isa = PBXFileReference; lastKnownFileType = sourcecode.swift; path = DateUtils.swift; sourceTree = "<group>"; };
		B1FB1693265E59C200824A22 /* PlusOperator.swift */ = {isa = PBXFileReference; lastKnownFileType = sourcecode.swift; path = PlusOperator.swift; sourceTree = "<group>"; };
		B1FB1697265E5E7900824A22 /* UrlRequestProvider.swift */ = {isa = PBXFileReference; lastKnownFileType = sourcecode.swift; path = UrlRequestProvider.swift; sourceTree = "<group>"; };
		B1FB169D265E6B4200824A22 /* CarList.swift */ = {isa = PBXFileReference; lastKnownFileType = sourcecode.swift; path = CarList.swift; sourceTree = "<group>"; };
		FE0D670F27EDCCC300E18B97 /* 1257-smallest-common-regions-t.swift */ = {isa = PBXFileReference; lastKnownFileType = sourcecode.swift; path = "1257-smallest-common-regions-t.swift"; sourceTree = "<group>"; };
		FE0D671127EDE2DF00E18B97 /* 1650-lca-bt-3.swift */ = {isa = PBXFileReference; lastKnownFileType = sourcecode.swift; path = "1650-lca-bt-3.swift"; sourceTree = "<group>"; };
		FE0D671327EDE2FD00E18B97 /* Node.swift */ = {isa = PBXFileReference; lastKnownFileType = sourcecode.swift; path = Node.swift; sourceTree = "<group>"; };
		FE0D671527EDF19F00E18B97 /* 189-rotate-array.swift */ = {isa = PBXFileReference; lastKnownFileType = sourcecode.swift; path = "189-rotate-array.swift"; sourceTree = "<group>"; };
		FE0D671727EE063400E18B97 /* 61-rotate-list.swift */ = {isa = PBXFileReference; lastKnownFileType = sourcecode.swift; path = "61-rotate-list.swift"; sourceTree = "<group>"; };
		FE19AF2B27EB5FB900978A0D /* AlgorithmExerciseTests.xctestplan */ = {isa = PBXFileReference; lastKnownFileType = text; name = AlgorithmExerciseTests.xctestplan; path = AlgorithmExercise/AlgorithmExerciseTests.xctestplan; sourceTree = "<group>"; };
		FE19AF2C27EB631100978A0D /* TreeNode.swift */ = {isa = PBXFileReference; lastKnownFileType = sourcecode.swift; path = TreeNode.swift; sourceTree = "<group>"; };
		FE19AF2E27EB815C00978A0D /* 236-lowest-common-ancestor-bt.swift */ = {isa = PBXFileReference; lastKnownFileType = sourcecode.swift; path = "236-lowest-common-ancestor-bt.swift"; sourceTree = "<group>"; };
		FE30F98127B566E80090A2B5 /* 235-first-bad-version.swift */ = {isa = PBXFileReference; lastKnownFileType = sourcecode.swift; path = "235-first-bad-version.swift"; sourceTree = "<group>"; };
		FE31FAAB27FF2CF900A6476E /* ConcurrencyTests.swift */ = {isa = PBXFileReference; lastKnownFileType = sourcecode.swift; path = ConcurrencyTests.swift; sourceTree = "<group>"; };
		FE3D00A827FC4DC10040DECA /* MergedSortedArrays.swift */ = {isa = PBXFileReference; lastKnownFileType = sourcecode.swift; path = MergedSortedArrays.swift; sourceTree = "<group>"; };
		FE42642F27F2CC7300038B65 /* 105-construct-bt-preorder-inorder.swift */ = {isa = PBXFileReference; lastKnownFileType = sourcecode.swift; path = "105-construct-bt-preorder-inorder.swift"; sourceTree = "<group>"; };
		FE42643127F2D97400038B65 /* 98-validate-bst.swift */ = {isa = PBXFileReference; lastKnownFileType = sourcecode.swift; path = "98-validate-bst.swift"; sourceTree = "<group>"; };
		FE42643427F2E16400038B65 /* Sum-near-arr.swift */ = {isa = PBXFileReference; lastKnownFileType = sourcecode.swift; path = "Sum-near-arr.swift"; sourceTree = "<group>"; };
		FE42643627F2F8D200038B65 /* 230-kth-smallest-bst.swift */ = {isa = PBXFileReference; lastKnownFileType = sourcecode.swift; path = "230-kth-smallest-bst.swift"; sourceTree = "<group>"; };
		FE42643827F329A700038B65 /* 208-implement-trie.swift */ = {isa = PBXFileReference; lastKnownFileType = sourcecode.swift; path = "208-implement-trie.swift"; sourceTree = "<group>"; };
		FE42643A27F3525F00038B65 /* 676-implement-magic-dict.swift */ = {isa = PBXFileReference; lastKnownFileType = sourcecode.swift; path = "676-implement-magic-dict.swift"; sourceTree = "<group>"; };
		FE4C1E722799ABB7002CFAC6 /* 235-lowest-common-ancestor-bst.swift */ = {isa = PBXFileReference; lastKnownFileType = sourcecode.swift; path = "235-lowest-common-ancestor-bst.swift"; sourceTree = "<group>"; };
		FE7E3E93280092E7003A5CE0 /* 1047-remove-all-adjacent-duplicates-string.swift */ = {isa = PBXFileReference; lastKnownFileType = sourcecode.swift; path = "1047-remove-all-adjacent-duplicates-string.swift"; sourceTree = "<group>"; };
		FE7E3E95280096E0003A5CE0 /* 1209-remove-all-adjacent-duplicates-string-2.swift */ = {isa = PBXFileReference; lastKnownFileType = sourcecode.swift; path = "1209-remove-all-adjacent-duplicates-string-2.swift"; sourceTree = "<group>"; };
		FE7E3E9728009B81003A5CE0 /* 50-pow-x-n.swift */ = {isa = PBXFileReference; lastKnownFileType = sourcecode.swift; path = "50-pow-x-n.swift"; sourceTree = "<group>"; };
		FE7E3E99280136BC003A5CE0 /* BSTConstruction.swift */ = {isa = PBXFileReference; lastKnownFileType = sourcecode.swift; path = BSTConstruction.swift; sourceTree = "<group>"; };
		FE7E3E9B280297EF003A5CE0 /* 450-delete-node-bst.swift */ = {isa = PBXFileReference; lastKnownFileType = sourcecode.swift; path = "450-delete-node-bst.swift"; sourceTree = "<group>"; };
		FE7E3E9D2802C975003A5CE0 /* SortKSortedArray.swift */ = {isa = PBXFileReference; lastKnownFileType = sourcecode.swift; path = SortKSortedArray.swift; sourceTree = "<group>"; };
		FE7E3E9F2802E062003A5CE0 /* MinHeap.swift */ = {isa = PBXFileReference; lastKnownFileType = sourcecode.swift; path = MinHeap.swift; sourceTree = "<group>"; };
		FE7E3EA12802E3B5003A5CE0 /* HeapTests.swift */ = {isa = PBXFileReference; lastKnownFileType = sourcecode.swift; path = HeapTests.swift; sourceTree = "<group>"; };
		FE7E3EA32802F796003A5CE0 /* ContinuousMedianHandler.swift */ = {isa = PBXFileReference; lastKnownFileType = sourcecode.swift; path = ContinuousMedianHandler.swift; sourceTree = "<group>"; };
		FE7E3EA528030129003A5CE0 /* MaxHeap.swift */ = {isa = PBXFileReference; lastKnownFileType = sourcecode.swift; path = MaxHeap.swift; sourceTree = "<group>"; };
		FE928A8027F6AE2A00607EF3 /* ThreeNumberSum.swift */ = {isa = PBXFileReference; lastKnownFileType = sourcecode.swift; path = ThreeNumberSum.swift; sourceTree = "<group>"; };
		FE928A8227F6DBF900607EF3 /* ValidIpAddresses.swift */ = {isa = PBXFileReference; lastKnownFileType = sourcecode.swift; path = ValidIpAddresses.swift; sourceTree = "<group>"; };
		FE928A8427F7020200607EF3 /* RemoveKthNodeEnd.swift */ = {isa = PBXFileReference; lastKnownFileType = sourcecode.swift; path = RemoveKthNodeEnd.swift; sourceTree = "<group>"; };
		FE928A8627F709F600607EF3 /* GroupAnagrams.swift */ = {isa = PBXFileReference; lastKnownFileType = sourcecode.swift; path = GroupAnagrams.swift; sourceTree = "<group>"; };
		FE928A8827F7125600607EF3 /* SuffixTrieConstruction.swift */ = {isa = PBXFileReference; lastKnownFileType = sourcecode.swift; path = SuffixTrieConstruction.swift; sourceTree = "<group>"; };
		FE928A8A27F7525100607EF3 /* FindClosestValueBST.swift */ = {isa = PBXFileReference; lastKnownFileType = sourcecode.swift; path = FindClosestValueBST.swift; sourceTree = "<group>"; };
		FE928A8C27F80A5200607EF3 /* SortedSquaredArray.swift */ = {isa = PBXFileReference; lastKnownFileType = sourcecode.swift; path = SortedSquaredArray.swift; sourceTree = "<group>"; };
		FE928A8E27F80B7300607EF3 /* TournamentWinner.swift */ = {isa = PBXFileReference; lastKnownFileType = sourcecode.swift; path = TournamentWinner.swift; sourceTree = "<group>"; };
		FE928A9027F80E1300607EF3 /* NonConstructibleChange.swift */ = {isa = PBXFileReference; lastKnownFileType = sourcecode.swift; path = NonConstructibleChange.swift; sourceTree = "<group>"; };
		FE928A9227F8151400607EF3 /* SmallestDifference.swift */ = {isa = PBXFileReference; lastKnownFileType = sourcecode.swift; path = SmallestDifference.swift; sourceTree = "<group>"; };
		FE928A9427F8199000607EF3 /* NthFibonacci.swift */ = {isa = PBXFileReference; lastKnownFileType = sourcecode.swift; path = NthFibonacci.swift; sourceTree = "<group>"; };
		FE928A9627F81B7000607EF3 /* ProductSum.swift */ = {isa = PBXFileReference; lastKnownFileType = sourcecode.swift; path = ProductSum.swift; sourceTree = "<group>"; };
		FE928A9E27F81FC100607EF3 /* Permutations.swift */ = {isa = PBXFileReference; lastKnownFileType = sourcecode.swift; path = Permutations.swift; sourceTree = "<group>"; };
		FE928AA027F82ACC00607EF3 /* Powerset.swift */ = {isa = PBXFileReference; lastKnownFileType = sourcecode.swift; path = Powerset.swift; sourceTree = "<group>"; };
		FE928AA327F83C1C00607EF3 /* MaxSubsetSumNoAdjacent.swift */ = {isa = PBXFileReference; lastKnownFileType = sourcecode.swift; path = MaxSubsetSumNoAdjacent.swift; sourceTree = "<group>"; };
		FE928AA527F8A76C00607EF3 /* MoveElementToEnd.swift */ = {isa = PBXFileReference; lastKnownFileType = sourcecode.swift; path = MoveElementToEnd.swift; sourceTree = "<group>"; };
		FE928AA727F8A97B00607EF3 /* MonotonicArray.swift */ = {isa = PBXFileReference; lastKnownFileType = sourcecode.swift; path = MonotonicArray.swift; sourceTree = "<group>"; };
		FE928AA927F948D600607EF3 /* SingleCycleCheck.swift */ = {isa = PBXFileReference; lastKnownFileType = sourcecode.swift; path = SingleCycleCheck.swift; sourceTree = "<group>"; };
		FE928AAE27F9792500607EF3 /* SNTrialTest1.swift */ = {isa = PBXFileReference; lastKnownFileType = sourcecode.swift; path = SNTrialTest1.swift; sourceTree = "<group>"; };
		FE928AB027F9792F00607EF3 /* SNTrialTest2.swift */ = {isa = PBXFileReference; lastKnownFileType = sourcecode.swift; path = SNTrialTest2.swift; sourceTree = "<group>"; };
		FE928AB227F9793800607EF3 /* SNTest1.swift */ = {isa = PBXFileReference; lastKnownFileType = sourcecode.swift; path = SNTest1.swift; sourceTree = "<group>"; };
		FE928AB427F9793F00607EF3 /* SNTest2.swift */ = {isa = PBXFileReference; lastKnownFileType = sourcecode.swift; path = SNTest2.swift; sourceTree = "<group>"; };
		FE928AB627F9807D00607EF3 /* BinaryGap.swift */ = {isa = PBXFileReference; lastKnownFileType = sourcecode.swift; path = BinaryGap.swift; sourceTree = "<group>"; };
		FE928AB827F9855F00607EF3 /* CyclicRotation.swift */ = {isa = PBXFileReference; lastKnownFileType = sourcecode.swift; path = CyclicRotation.swift; sourceTree = "<group>"; };
		FE928ABA27F9898500607EF3 /* OddOccurrencesInArray.swift */ = {isa = PBXFileReference; lastKnownFileType = sourcecode.swift; path = OddOccurrencesInArray.swift; sourceTree = "<group>"; };
		FE928ABC27F98D3B00607EF3 /* FrogJmp.swift */ = {isa = PBXFileReference; lastKnownFileType = sourcecode.swift; path = FrogJmp.swift; sourceTree = "<group>"; };
		FE928ABE27F98F3F00607EF3 /* PermMissingElem.swift */ = {isa = PBXFileReference; lastKnownFileType = sourcecode.swift; path = PermMissingElem.swift; sourceTree = "<group>"; };
		FE928AC227F9A01700607EF3 /* TapeEquilibrium.swift */ = {isa = PBXFileReference; lastKnownFileType = sourcecode.swift; path = TapeEquilibrium.swift; sourceTree = "<group>"; };
		FE928AC427F9A93000607EF3 /* FrogRiverOne.swift */ = {isa = PBXFileReference; lastKnownFileType = sourcecode.swift; path = FrogRiverOne.swift; sourceTree = "<group>"; };
		FE928AC627F9B69100607EF3 /* PermCheck.swift */ = {isa = PBXFileReference; lastKnownFileType = sourcecode.swift; path = PermCheck.swift; sourceTree = "<group>"; };
		FE928AC827F9BB1300607EF3 /* MaxCounters.swift */ = {isa = PBXFileReference; lastKnownFileType = sourcecode.swift; path = MaxCounters.swift; sourceTree = "<group>"; };
		FE928ACA27F9C2E300607EF3 /* MissingInteger.swift */ = {isa = PBXFileReference; lastKnownFileType = sourcecode.swift; path = MissingInteger.swift; sourceTree = "<group>"; };
		FE928ACC27F9C46600607EF3 /* PassingCars.swift */ = {isa = PBXFileReference; lastKnownFileType = sourcecode.swift; path = PassingCars.swift; sourceTree = "<group>"; };
		FE928ACE27F9E22900607EF3 /* 11-container-with-most-water.swift */ = {isa = PBXFileReference; lastKnownFileType = sourcecode.swift; path = "11-container-with-most-water.swift"; sourceTree = "<group>"; };
		FE928AD027F9EAEF00607EF3 /* 23-merge-k-sorted-list.swift */ = {isa = PBXFileReference; lastKnownFileType = sourcecode.swift; path = "23-merge-k-sorted-list.swift"; sourceTree = "<group>"; };
		FE928AD227F9ECA000607EF3 /* 1143-longest-common-subsequence.swift */ = {isa = PBXFileReference; lastKnownFileType = sourcecode.swift; path = "1143-longest-common-subsequence.swift"; sourceTree = "<group>"; };
		FEAC0C7E27F21480000BEF22 /* 725-split-linkedlist.swift */ = {isa = PBXFileReference; lastKnownFileType = sourcecode.swift; path = "725-split-linkedlist.swift"; sourceTree = "<group>"; };
		FEAC0C8027F2C6DF000BEF22 /* 102-bt-level-order-traversal.swift */ = {isa = PBXFileReference; lastKnownFileType = sourcecode.swift; path = "102-bt-level-order-traversal.swift"; sourceTree = "<group>"; };
		FEBA4E57280571BC00B7833C /* 23-merge-k-sorted-lists.swift */ = {isa = PBXFileReference; lastKnownFileType = sourcecode.swift; path = "23-merge-k-sorted-lists.swift"; sourceTree = "<group>"; };
		FEBA4E59280578DF00B7833C /* Heap.swift */ = {isa = PBXFileReference; lastKnownFileType = sourcecode.swift; path = Heap.swift; sourceTree = "<group>"; };
		FEBA4E5B28058B3300B7833C /* 295-find-median-from-data-stream.swift */ = {isa = PBXFileReference; lastKnownFileType = sourcecode.swift; path = "295-find-median-from-data-stream.swift"; sourceTree = "<group>"; };
		FEBA4E5D2805973600B7833C /* 480-sliding-window-median.swift */ = {isa = PBXFileReference; lastKnownFileType = sourcecode.swift; path = "480-sliding-window-median.swift"; sourceTree = "<group>"; };
		FEBF6A6A27F4B58400A219FB /* RiverSize.swift */ = {isa = PBXFileReference; lastKnownFileType = sourcecode.swift; path = RiverSize.swift; sourceTree = "<group>"; };
		FEBFDE982807A37100D1B232 /* 79-word-search.swift */ = {isa = PBXFileReference; lastKnownFileType = sourcecode.swift; path = "79-word-search.swift"; sourceTree = "<group>"; };
		FEBFDE9A2807D4D300D1B232 /* 394-decode-string.swift */ = {isa = PBXFileReference; lastKnownFileType = sourcecode.swift; path = "394-decode-string.swift"; sourceTree = "<group>"; };
		FEBFDE9E2808275F00D1B232 /* 784-letter-case-permutation.swift */ = {isa = PBXFileReference; lastKnownFileType = sourcecode.swift; path = "784-letter-case-permutation.swift"; sourceTree = "<group>"; };
		FEBFDEA2280979DA00D1B232 /* IdealDay.swift */ = {isa = PBXFileReference; lastKnownFileType = sourcecode.swift; path = IdealDay.swift; sourceTree = "<group>"; };
		FEBFDEA428097FBC00D1B232 /* 937-reorder-data-in-log-files.swift */ = {isa = PBXFileReference; lastKnownFileType = sourcecode.swift; path = "937-reorder-data-in-log-files.swift"; sourceTree = "<group>"; };
		FEBFDEA72809882100D1B232 /* 1268-search-suggestions-system.swift */ = {isa = PBXFileReference; lastKnownFileType = sourcecode.swift; path = "1268-search-suggestions-system.swift"; sourceTree = "<group>"; };
		FEC9521227FC6C6D00FCE62A /* MinHeapConstruction.swift */ = {isa = PBXFileReference; lastKnownFileType = sourcecode.swift; path = MinHeapConstruction.swift; sourceTree = "<group>"; };
		FED7DA0A27FDA57A002A119E /* 739-daily-temperatures.swift */ = {isa = PBXFileReference; lastKnownFileType = sourcecode.swift; path = "739-daily-temperatures.swift"; sourceTree = "<group>"; };
		FED7DA0C27FDF642002A119E /* FourNumberSum.swift */ = {isa = PBXFileReference; lastKnownFileType = sourcecode.swift; path = FourNumberSum.swift; sourceTree = "<group>"; };
/* End PBXFileReference section */

/* Begin PBXFrameworksBuildPhase section */
		B1F72476263EAC5200A50B69 /* Frameworks */ = {
			isa = PBXFrameworksBuildPhase;
			buildActionMask = 2147483647;
			files = (
			);
			runOnlyForDeploymentPostprocessing = 0;
		};
		B1F7247F263EAC5200A50B69 /* Frameworks */ = {
			isa = PBXFrameworksBuildPhase;
			buildActionMask = 2147483647;
			files = (
				B1F72483263EAC5200A50B69 /* AlgorithmExercise.framework in Frameworks */,
			);
			runOnlyForDeploymentPostprocessing = 0;
		};
/* End PBXFrameworksBuildPhase section */

/* Begin PBXGroup section */
		B1E97381265BEB0700F5F172 /* Hackerrank */ = {
			isa = PBXGroup;
			children = (
				B1E97396265BEE6D00F5F172 /* AlternatingCharacters.swift */,
				B15E23C7265A89B30094BC0E /* ArrayManipulation.swift */,
				B15E23A4265A0F250094BC0E /* CountingValleys.swift */,
				B15E23A8265A18C40094BC0E /* JumpingClouds.swift */,
				B15E23BB265A36DF0094BC0E /* LeftRotation.swift */,
				B15E23CB265A9C310094BC0E /* MakingAnagrams.swift */,
				B15E23C3265A77220094BC0E /* MinSwaps2.swift */,
				B15E23BF265A68DF0094BC0E /* NewYearChaos.swift */,
				B15E23AC265A1DFD0094BC0E /* RepeatedString.swift */,
				B15E23A0265A0CC70094BC0E /* SalesByMatch.swift */,
				B1E9739A265BF11000F5F172 /* SherlockValidString.swift */,
				B15E23B7265A2E4D0094BC0E /* TwoDArray.swift */,
			);
			path = Hackerrank;
			sourceTree = "<group>";
		};
		B1E97383265BEC9E00F5F172 /* Codility */ = {
			isa = PBXGroup;
			children = (
				B1FB169D265E6B4200824A22 /* CarList.swift */,
				B113FD552657BEA60080FDE2 /* CropTheMessage.swift */,
				B1FB168E265E4CA700824A22 /* DateUtils.swift */,
				B113FD5D2657C7DD0080FDE2 /* DistinctArrayGenerator.swift */,
				B113FD592657C5070080FDE2 /* EvenWord.swift */,
				B1FB1693265E59C200824A22 /* PlusOperator.swift */,
				B1FB1686265E2C1D00824A22 /* SessionWatcher.swift */,
				B1FB168A265E3C6600824A22 /* SwiftValueType.swift */,
				B1FB1697265E5E7900824A22 /* UrlRequestProvider.swift */,
				B133D02B26594380002E4B62 /* WholeWeeks.swift */,
				FE928AB627F9807D00607EF3 /* BinaryGap.swift */,
				FE928AB827F9855F00607EF3 /* CyclicRotation.swift */,
				FE928ABA27F9898500607EF3 /* OddOccurrencesInArray.swift */,
				FE928ABC27F98D3B00607EF3 /* FrogJmp.swift */,
				FE928ABE27F98F3F00607EF3 /* PermMissingElem.swift */,
				FE928AC227F9A01700607EF3 /* TapeEquilibrium.swift */,
				FE928AC427F9A93000607EF3 /* FrogRiverOne.swift */,
				FE928AC627F9B69100607EF3 /* PermCheck.swift */,
				FE928AC827F9BB1300607EF3 /* MaxCounters.swift */,
				FE928ACA27F9C2E300607EF3 /* MissingInteger.swift */,
				FE928ACC27F9C46600607EF3 /* PassingCars.swift */,
			);
			path = Codility;
			sourceTree = "<group>";
		};
		B1E97385265BECC500F5F172 /* LeetCode */ = {
			isa = PBXGroup;
			children = (
				FEBFDEA6280987E200D1B232 /* Amazon */,
				B1F7249E263FC7D400A50B69 /* 1-TwoSum.swift */,
				B1F724A2263FCE4200A50B69 /* 34-FirstLastPosition.swift */,
				B133D030265955CF002E4B62 /* 21-MergeSortedLists.swift */,
				FE0D671727EE063400E18B97 /* 61-rotate-list.swift */,
				B113FD612657E1FB0080FDE2 /* 66-PlusOne.swift */,
				FE42643127F2D97400038B65 /* 98-validate-bst.swift */,
				FEAC0C8027F2C6DF000BEF22 /* 102-bt-level-order-traversal.swift */,
				FE42642F27F2CC7300038B65 /* 105-construct-bt-preorder-inorder.swift */,
				FE0D671527EDF19F00E18B97 /* 189-rotate-array.swift */,
				B15E239426595E890094BC0E /* 206-ReverseLists.swift */,
				FE42643827F329A700038B65 /* 208-implement-trie.swift */,
				FE42643627F2F8D200038B65 /* 230-kth-smallest-bst.swift */,
				B15E2398265965B60094BC0E /* 234-PalindromeLists.swift */,
				FE30F98127B566E80090A2B5 /* 235-first-bad-version.swift */,
				FE4C1E722799ABB7002CFAC6 /* 235-lowest-common-ancestor-bst.swift */,
				FE19AF2E27EB815C00978A0D /* 236-lowest-common-ancestor-bt.swift */,
				B1F72497263EAD0D00A50B69 /* 344-ReverseString.swift */,
				B15E239C265969780094BC0E /* 415-AddStrings.swift */,
				FEAC0C7E27F21480000BEF22 /* 725-split-linkedlist.swift */,
				B1EE9F212663DA8D008DFDCD /* 1031-MaxSumNonOverlapping.swift */,
				FE0D670F27EDCCC300E18B97 /* 1257-smallest-common-regions-t.swift */,
				FE0D671127EDE2DF00E18B97 /* 1650-lca-bt-3.swift */,
				FE42643A27F3525F00038B65 /* 676-implement-magic-dict.swift */,
				FE928ACE27F9E22900607EF3 /* 11-container-with-most-water.swift */,
				FE928AD027F9EAEF00607EF3 /* 23-merge-k-sorted-list.swift */,
				FE928AD227F9ECA000607EF3 /* 1143-longest-common-subsequence.swift */,
				FED7DA0A27FDA57A002A119E /* 739-daily-temperatures.swift */,
				FE7E3E93280092E7003A5CE0 /* 1047-remove-all-adjacent-duplicates-string.swift */,
				FE7E3E95280096E0003A5CE0 /* 1209-remove-all-adjacent-duplicates-string-2.swift */,
				FE7E3E9728009B81003A5CE0 /* 50-pow-x-n.swift */,
				FE7E3E9B280297EF003A5CE0 /* 450-delete-node-bst.swift */,
				FEBA4E57280571BC00B7833C /* 23-merge-k-sorted-lists.swift */,
				FEBA4E5B28058B3300B7833C /* 295-find-median-from-data-stream.swift */,
				FEBA4E5D2805973600B7833C /* 480-sliding-window-median.swift */,
				FEBFDE982807A37100D1B232 /* 79-word-search.swift */,
				FEBFDE9A2807D4D300D1B232 /* 394-decode-string.swift */,
				FEBFDE9E2808275F00D1B232 /* 784-letter-case-permutation.swift */,
			);
			path = LeetCode;
			sourceTree = "<group>";
		};
		B1F7246F263EAC5200A50B69 = {
			isa = PBXGroup;
			children = (
				FE19AF2B27EB5FB900978A0D /* AlgorithmExerciseTests.xctestplan */,
				B1F7247B263EAC5200A50B69 /* AlgorithmExercise */,
				B1F72486263EAC5200A50B69 /* AlgorithmExerciseTests */,
				B1F7247A263EAC5200A50B69 /* Products */,
			);
			sourceTree = "<group>";
		};
		B1F7247A263EAC5200A50B69 /* Products */ = {
			isa = PBXGroup;
			children = (
				B1F72479263EAC5200A50B69 /* AlgorithmExercise.framework */,
				B1F72482263EAC5200A50B69 /* AlgorithmExerciseTests.xctest */,
			);
			name = Products;
			sourceTree = "<group>";
		};
		B1F7247B263EAC5200A50B69 /* AlgorithmExercise */ = {
			isa = PBXGroup;
			children = (
				B1F7247D263EAC5200A50B69 /* Info.plist */,
				B15E23B3265A2B070094BC0E /* Collection.swift */,
				B1F72499263FAE6D00A50B69 /* GlobalFunc.swift */,
				B15E238F26595E430094BC0E /* ListNode.swift */,
				B15E23AF265A2AD40094BC0E /* String.swift */,
				FE19AF2C27EB631100978A0D /* TreeNode.swift */,
				FE0D671327EDE2FD00E18B97 /* Node.swift */,
				FE7E3E9F2802E062003A5CE0 /* MinHeap.swift */,
				FE7E3EA528030129003A5CE0 /* MaxHeap.swift */,
				FEBA4E59280578DF00B7833C /* Heap.swift */,
			);
			path = AlgorithmExercise;
			sourceTree = "<group>";
		};
		B1F72486263EAC5200A50B69 /* AlgorithmExerciseTests */ = {
			isa = PBXGroup;
			children = (
				FEBFDEA0280979BF00D1B232 /* Amazon */,
				FE928AAB27F978FA00607EF3 /* SmartNews */,
				B1F72489263EAC5200A50B69 /* Info.plist */,
				FEBF6A6927F4B56E00A219FB /* AlgoExpert */,
				B1E97383265BEC9E00F5F172 /* Codility */,
				B1E97381265BEB0700F5F172 /* Hackerrank */,
				B1E97385265BECC500F5F172 /* LeetCode */,
				FE42643327F2E14C00038B65 /* Random */,
			);
			path = AlgorithmExerciseTests;
			sourceTree = "<group>";
		};
		FE3D00A727FC4DB50040DECA /* Heaps */ = {
			isa = PBXGroup;
			children = (
				FEC9521227FC6C6D00FCE62A /* MinHeapConstruction.swift */,
				FE3D00A827FC4DC10040DECA /* MergedSortedArrays.swift */,
				FE7E3E9D2802C975003A5CE0 /* SortKSortedArray.swift */,
				FE7E3EA12802E3B5003A5CE0 /* HeapTests.swift */,
				FE7E3EA32802F796003A5CE0 /* ContinuousMedianHandler.swift */,
			);
			path = Heaps;
			sourceTree = "<group>";
		};
		FE42643327F2E14C00038B65 /* Random */ = {
			isa = PBXGroup;
			children = (
				FE42643427F2E16400038B65 /* Sum-near-arr.swift */,
				FE31FAAB27FF2CF900A6476E /* ConcurrencyTests.swift */,
			);
			path = Random;
			sourceTree = "<group>";
		};
		FE928A9827F81F3200607EF3 /* Recursions */ = {
			isa = PBXGroup;
			children = (
				FE928A9427F8199000607EF3 /* NthFibonacci.swift */,
				FE928A9627F81B7000607EF3 /* ProductSum.swift */,
				FE928A9E27F81FC100607EF3 /* Permutations.swift */,
				FE928AA027F82ACC00607EF3 /* Powerset.swift */,
			);
			path = Recursions;
			sourceTree = "<group>";
		};
		FE928A9927F81F3B00607EF3 /* LinkedLists */ = {
			isa = PBXGroup;
			children = (
				FE928A8427F7020200607EF3 /* RemoveKthNodeEnd.swift */,
				FE928AA927F948D600607EF3 /* SingleCycleCheck.swift */,
			);
			path = LinkedLists;
			sourceTree = "<group>";
		};
		FE928A9A27F81F4700607EF3 /* Strings */ = {
			isa = PBXGroup;
			children = (
				FE928A8627F709F600607EF3 /* GroupAnagrams.swift */,
				FE928A8227F6DBF900607EF3 /* ValidIpAddresses.swift */,
			);
			path = Strings;
			sourceTree = "<group>";
		};
		FE928A9B27F81F6000607EF3 /* Graphs */ = {
			isa = PBXGroup;
			children = (
				FEBF6A6A27F4B58400A219FB /* RiverSize.swift */,
			);
			path = Graphs;
			sourceTree = "<group>";
		};
		FE928A9C27F81F7300607EF3 /* BST */ = {
			isa = PBXGroup;
			children = (
				FE928A8A27F7525100607EF3 /* FindClosestValueBST.swift */,
				FE7E3E99280136BC003A5CE0 /* BSTConstruction.swift */,
			);
			path = BST;
			sourceTree = "<group>";
		};
		FE928A9D27F81F7C00607EF3 /* Arrays */ = {
			isa = PBXGroup;
			children = (
				FE928A9027F80E1300607EF3 /* NonConstructibleChange.swift */,
				FE928A9227F8151400607EF3 /* SmallestDifference.swift */,
				FE928A8C27F80A5200607EF3 /* SortedSquaredArray.swift */,
				FE928A8827F7125600607EF3 /* SuffixTrieConstruction.swift */,
				FE928A8027F6AE2A00607EF3 /* ThreeNumberSum.swift */,
				FE928A8E27F80B7300607EF3 /* TournamentWinner.swift */,
				FE928AA527F8A76C00607EF3 /* MoveElementToEnd.swift */,
				FE928AA727F8A97B00607EF3 /* MonotonicArray.swift */,
				FED7DA0C27FDF642002A119E /* FourNumberSum.swift */,
			);
			path = Arrays;
			sourceTree = "<group>";
		};
		FE928AA227F83C0B00607EF3 /* DP */ = {
			isa = PBXGroup;
			children = (
				FE928AA327F83C1C00607EF3 /* MaxSubsetSumNoAdjacent.swift */,
			);
			path = DP;
			sourceTree = "<group>";
		};
		FE928AAB27F978FA00607EF3 /* SmartNews */ = {
			isa = PBXGroup;
			children = (
				FE928AAD27F9790B00607EF3 /* Tests */,
				FE928AAC27F9790100607EF3 /* DemoTests */,
			);
			path = SmartNews;
			sourceTree = "<group>";
		};
		FE928AAC27F9790100607EF3 /* DemoTests */ = {
			isa = PBXGroup;
			children = (
				FE928AAE27F9792500607EF3 /* SNTrialTest1.swift */,
				FE928AB027F9792F00607EF3 /* SNTrialTest2.swift */,
			);
			path = DemoTests;
			sourceTree = "<group>";
		};
		FE928AAD27F9790B00607EF3 /* Tests */ = {
			isa = PBXGroup;
			children = (
				FE928AB227F9793800607EF3 /* SNTest1.swift */,
				FE928AB427F9793F00607EF3 /* SNTest2.swift */,
			);
			path = Tests;
			sourceTree = "<group>";
		};
		FEBF6A6927F4B56E00A219FB /* AlgoExpert */ = {
			isa = PBXGroup;
			children = (
				FE3D00A727FC4DB50040DECA /* Heaps */,
				FE928AA227F83C0B00607EF3 /* DP */,
				FE928A9D27F81F7C00607EF3 /* Arrays */,
				FE928A9C27F81F7300607EF3 /* BST */,
				FE928A9B27F81F6000607EF3 /* Graphs */,
				FE928A9927F81F3B00607EF3 /* LinkedLists */,
				FE928A9827F81F3200607EF3 /* Recursions */,
				FE928A9A27F81F4700607EF3 /* Strings */,
			);
			path = AlgoExpert;
			sourceTree = "<group>";
		};
		FEBFDEA0280979BF00D1B232 /* Amazon */ = {
			isa = PBXGroup;
			children = (
				FEBFDEA1280979C800D1B232 /* Leetcode */,
			);
			path = Amazon;
			sourceTree = "<group>";
		};
		FEBFDEA1280979C800D1B232 /* Leetcode */ = {
			isa = PBXGroup;
			children = (
				FEBFDEA2280979DA00D1B232 /* IdealDay.swift */,
			);
			path = Leetcode;
			sourceTree = "<group>";
		};
		FEBFDEA6280987E200D1B232 /* Amazon */ = {
			isa = PBXGroup;
			children = (
				FEBFDEA428097FBC00D1B232 /* 937-reorder-data-in-log-files.swift */,
				FEBFDEA72809882100D1B232 /* 1268-search-suggestions-system.swift */,
			);
			path = Amazon;
			sourceTree = "<group>";
		};
/* End PBXGroup section */

/* Begin PBXNativeTarget section */
		B1F72478263EAC5200A50B69 /* AlgorithmExercise */ = {
			isa = PBXNativeTarget;
			buildConfigurationList = B1F7248D263EAC5200A50B69 /* Build configuration list for PBXNativeTarget "AlgorithmExercise" */;
			buildPhases = (
				B1F72475263EAC5200A50B69 /* Sources */,
				B1F72476263EAC5200A50B69 /* Frameworks */,
				B1F72477263EAC5200A50B69 /* Resources */,
			);
			buildRules = (
			);
			dependencies = (
			);
			name = AlgorithmExercise;
			productName = LeetCode;
			productReference = B1F72479263EAC5200A50B69 /* AlgorithmExercise.framework */;
			productType = "com.apple.product-type.framework";
		};
		B1F72481263EAC5200A50B69 /* AlgorithmExerciseTests */ = {
			isa = PBXNativeTarget;
			buildConfigurationList = B1F72490263EAC5200A50B69 /* Build configuration list for PBXNativeTarget "AlgorithmExerciseTests" */;
			buildPhases = (
				B1F7247E263EAC5200A50B69 /* Sources */,
				B1F7247F263EAC5200A50B69 /* Frameworks */,
				B1F72480263EAC5200A50B69 /* Resources */,
			);
			buildRules = (
			);
			dependencies = (
				B1F72485263EAC5200A50B69 /* PBXTargetDependency */,
			);
			name = AlgorithmExerciseTests;
			productName = LeetCodeTests;
			productReference = B1F72482263EAC5200A50B69 /* AlgorithmExerciseTests.xctest */;
			productType = "com.apple.product-type.bundle.unit-test";
		};
/* End PBXNativeTarget section */

/* Begin PBXProject section */
		B1F72470263EAC5200A50B69 /* Project object */ = {
			isa = PBXProject;
			attributes = {
				LastSwiftUpdateCheck = 1250;
				LastUpgradeCheck = 1250;
				TargetAttributes = {
					B1F72478263EAC5200A50B69 = {
						CreatedOnToolsVersion = 12.5;
						LastSwiftMigration = 1250;
					};
					B1F72481263EAC5200A50B69 = {
						CreatedOnToolsVersion = 12.5;
					};
				};
			};
			buildConfigurationList = B1F72473263EAC5200A50B69 /* Build configuration list for PBXProject "AlgorithmExercise" */;
			compatibilityVersion = "Xcode 9.3";
			developmentRegion = en;
			hasScannedForEncodings = 0;
			knownRegions = (
				en,
				Base,
			);
			mainGroup = B1F7246F263EAC5200A50B69;
			productRefGroup = B1F7247A263EAC5200A50B69 /* Products */;
			projectDirPath = "";
			projectRoot = "";
			targets = (
				B1F72478263EAC5200A50B69 /* AlgorithmExercise */,
				B1F72481263EAC5200A50B69 /* AlgorithmExerciseTests */,
			);
		};
/* End PBXProject section */

/* Begin PBXResourcesBuildPhase section */
		B1F72477263EAC5200A50B69 /* Resources */ = {
			isa = PBXResourcesBuildPhase;
			buildActionMask = 2147483647;
			files = (
			);
			runOnlyForDeploymentPostprocessing = 0;
		};
		B1F72480263EAC5200A50B69 /* Resources */ = {
			isa = PBXResourcesBuildPhase;
			buildActionMask = 2147483647;
			files = (
			);
			runOnlyForDeploymentPostprocessing = 0;
		};
/* End PBXResourcesBuildPhase section */

/* Begin PBXSourcesBuildPhase section */
		B1F72475263EAC5200A50B69 /* Sources */ = {
			isa = PBXSourcesBuildPhase;
			buildActionMask = 2147483647;
			files = (
				FEBA4E5A280578DF00B7833C /* Heap.swift in Sources */,
				B15E23B0265A2AD40094BC0E /* String.swift in Sources */,
				B1F7249A263FAE6D00A50B69 /* GlobalFunc.swift in Sources */,
				FE7E3EA628030129003A5CE0 /* MaxHeap.swift in Sources */,
				B15E23B4265A2B070094BC0E /* Collection.swift in Sources */,
				FE0D671427EDE2FD00E18B97 /* Node.swift in Sources */,
				FE19AF2D27EB631100978A0D /* TreeNode.swift in Sources */,
				B15E239026595E430094BC0E /* ListNode.swift in Sources */,
				FE7E3EA02802E062003A5CE0 /* MinHeap.swift in Sources */,
			);
			runOnlyForDeploymentPostprocessing = 0;
		};
		B1F7247E263EAC5200A50B69 /* Sources */ = {
			isa = PBXSourcesBuildPhase;
			buildActionMask = 2147483647;
			files = (
				FE42643227F2D97400038B65 /* 98-validate-bst.swift in Sources */,
				B1F72498263EAD0D00A50B69 /* 344-ReverseString.swift in Sources */,
				FE928AD127F9EAEF00607EF3 /* 23-merge-k-sorted-list.swift in Sources */,
				FEBFDEA528097FBC00D1B232 /* 937-reorder-data-in-log-files.swift in Sources */,
				B15E23C8265A89B30094BC0E /* ArrayManipulation.swift in Sources */,
				FE928AB727F9807D00607EF3 /* BinaryGap.swift in Sources */,
				FEBA4E58280571BC00B7833C /* 23-merge-k-sorted-lists.swift in Sources */,
				FEBFDE9F2808275F00D1B232 /* 784-letter-case-permutation.swift in Sources */,
				FE928A8B27F7525100607EF3 /* FindClosestValueBST.swift in Sources */,
				FE3D00A927FC4DC10040DECA /* MergedSortedArrays.swift in Sources */,
				FE42643B27F3525F00038B65 /* 676-implement-magic-dict.swift in Sources */,
				B15E23A1265A0CC70094BC0E /* SalesByMatch.swift in Sources */,
				FE928A8127F6AE2A00607EF3 /* ThreeNumberSum.swift in Sources */,
				B133D02C26594380002E4B62 /* WholeWeeks.swift in Sources */,
				FE928A8927F7125600607EF3 /* SuffixTrieConstruction.swift in Sources */,
				B15E23CC265A9C310094BC0E /* MakingAnagrams.swift in Sources */,
				B1E97397265BEE6D00F5F172 /* AlternatingCharacters.swift in Sources */,
				FEBFDE992807A37100D1B232 /* 79-word-search.swift in Sources */,
				FE928AAA27F948D600607EF3 /* SingleCycleCheck.swift in Sources */,
				FE7E3EA22802E3B5003A5CE0 /* HeapTests.swift in Sources */,
				B15E23A5265A0F250094BC0E /* CountingValleys.swift in Sources */,
				FEAC0C7F27F21480000BEF22 /* 725-split-linkedlist.swift in Sources */,
				FE928ABD27F98D3B00607EF3 /* FrogJmp.swift in Sources */,
				B1FB1694265E59C200824A22 /* PlusOperator.swift in Sources */,
				FE4C1E732799ABB7002CFAC6 /* 235-lowest-common-ancestor-bst.swift in Sources */,
				FE928ACF27F9E22900607EF3 /* 11-container-with-most-water.swift in Sources */,
				FE928AB527F9793F00607EF3 /* SNTest2.swift in Sources */,
				FE928AB927F9855F00607EF3 /* CyclicRotation.swift in Sources */,
				FEBA4E5C28058B3300B7833C /* 295-find-median-from-data-stream.swift in Sources */,
				FE7E3E94280092E7003A5CE0 /* 1047-remove-all-adjacent-duplicates-string.swift in Sources */,
				FE928AC327F9A01700607EF3 /* TapeEquilibrium.swift in Sources */,
				B15E239526595E890094BC0E /* 206-ReverseLists.swift in Sources */,
				B1FB1687265E2C1D00824A22 /* SessionWatcher.swift in Sources */,
				FE928A9127F80E1300607EF3 /* NonConstructibleChange.swift in Sources */,
				FE7E3E9A280136BC003A5CE0 /* BSTConstruction.swift in Sources */,
				B113FD562657BEA60080FDE2 /* CropTheMessage.swift in Sources */,
				FE928AD327F9ECA000607EF3 /* 1143-longest-common-subsequence.swift in Sources */,
				FE0D671027EDCCC300E18B97 /* 1257-smallest-common-regions-t.swift in Sources */,
				B1FB168F265E4CA700824A22 /* DateUtils.swift in Sources */,
				FE928A9727F81B7000607EF3 /* ProductSum.swift in Sources */,
				B1FB168B265E3C6600824A22 /* SwiftValueType.swift in Sources */,
				B15E23C4265A77220094BC0E /* MinSwaps2.swift in Sources */,
				FE928AA127F82ACC00607EF3 /* Powerset.swift in Sources */,
				FEBFDEA82809882100D1B232 /* 1268-search-suggestions-system.swift in Sources */,
				B113FD622657E1FB0080FDE2 /* 66-PlusOne.swift in Sources */,
				FE928A8F27F80B7300607EF3 /* TournamentWinner.swift in Sources */,
				FE928ACB27F9C2E300607EF3 /* MissingInteger.swift in Sources */,
				FE928ABB27F9898500607EF3 /* OddOccurrencesInArray.swift in Sources */,
				FE42643027F2CC7300038B65 /* 105-construct-bt-preorder-inorder.swift in Sources */,
				FEBFDE9B2807D4D300D1B232 /* 394-decode-string.swift in Sources */,
				FE0D671827EE063400E18B97 /* 61-rotate-list.swift in Sources */,
				FE928AB327F9793800607EF3 /* SNTest1.swift in Sources */,
				FE928AC927F9BB1300607EF3 /* MaxCounters.swift in Sources */,
				B1FB169E265E6B4300824A22 /* CarList.swift in Sources */,
				B1E9739B265BF11000F5F172 /* SherlockValidString.swift in Sources */,
				B15E2399265965B60094BC0E /* 234-PalindromeLists.swift in Sources */,
				B15E23AD265A1DFD0094BC0E /* RepeatedString.swift in Sources */,
				FE928AA427F83C1C00607EF3 /* MaxSubsetSumNoAdjacent.swift in Sources */,
				B15E23B8265A2E4D0094BC0E /* TwoDArray.swift in Sources */,
				FE0D671227EDE2DF00E18B97 /* 1650-lca-bt-3.swift in Sources */,
				FE928ABF27F98F3F00607EF3 /* PermMissingElem.swift in Sources */,
				FE928AA827F8A97B00607EF3 /* MonotonicArray.swift in Sources */,
				FE7E3E9C280297EF003A5CE0 /* 450-delete-node-bst.swift in Sources */,
				FE928A9327F8151400607EF3 /* SmallestDifference.swift in Sources */,
				FE928A8327F6DBF900607EF3 /* ValidIpAddresses.swift in Sources */,
				FED7DA0D27FDF642002A119E /* FourNumberSum.swift in Sources */,
				FE7E3EA42802F796003A5CE0 /* ContinuousMedianHandler.swift in Sources */,
				FE31FAAC27FF2CF900A6476E /* ConcurrencyTests.swift in Sources */,
				FE42643527F2E16400038B65 /* Sum-near-arr.swift in Sources */,
				FE928AB127F9792F00607EF3 /* SNTrialTest2.swift in Sources */,
				FEBFDEA3280979DA00D1B232 /* IdealDay.swift in Sources */,
				FE928AC727F9B69100607EF3 /* PermCheck.swift in Sources */,
				B15E23C0265A68E00094BC0E /* NewYearChaos.swift in Sources */,
				FEBF6A6B27F4B58400A219FB /* RiverSize.swift in Sources */,
				FE928A8527F7020200607EF3 /* RemoveKthNodeEnd.swift in Sources */,
				B15E23A9265A18C40094BC0E /* JumpingClouds.swift in Sources */,
				FE42643727F2F8D200038B65 /* 230-kth-smallest-bst.swift in Sources */,
				B15E239D265969780094BC0E /* 415-AddStrings.swift in Sources */,
				FE42643927F329A700038B65 /* 208-implement-trie.swift in Sources */,
				FE928A9F27F81FC100607EF3 /* Permutations.swift in Sources */,
				B15E23BC265A36DF0094BC0E /* LeftRotation.swift in Sources */,
				FE19AF2F27EB815C00978A0D /* 236-lowest-common-ancestor-bt.swift in Sources */,
				B1FB1698265E5E7900824A22 /* UrlRequestProvider.swift in Sources */,
				FED7DA0B27FDA57A002A119E /* 739-daily-temperatures.swift in Sources */,
				FE928A8727F709F600607EF3 /* GroupAnagrams.swift in Sources */,
				FE7E3E9828009B81003A5CE0 /* 50-pow-x-n.swift in Sources */,
				FE928AAF27F9792500607EF3 /* SNTrialTest1.swift in Sources */,
				FE928A9527F8199000607EF3 /* NthFibonacci.swift in Sources */,
				B1EE9F222663DA8D008DFDCD /* 1031-MaxSumNonOverlapping.swift in Sources */,
				FE928AC527F9A93000607EF3 /* FrogRiverOne.swift in Sources */,
				FE7E3E9E2802C975003A5CE0 /* SortKSortedArray.swift in Sources */,
				B1F7249F263FC7D400A50B69 /* 1-TwoSum.swift in Sources */,
				B133D031265955CF002E4B62 /* 21-MergeSortedLists.swift in Sources */,
				FEAC0C8127F2C6DF000BEF22 /* 102-bt-level-order-traversal.swift in Sources */,
				FE0D671627EDF19F00E18B97 /* 189-rotate-array.swift in Sources */,
				FEBA4E5E2805973600B7833C /* 480-sliding-window-median.swift in Sources */,
				FE7E3E96280096E0003A5CE0 /* 1209-remove-all-adjacent-duplicates-string-2.swift in Sources */,
				FE30F98227B566E80090A2B5 /* 235-first-bad-version.swift in Sources */,
				FE928ACD27F9C46600607EF3 /* PassingCars.swift in Sources */,
				B113FD5A2657C5070080FDE2 /* EvenWord.swift in Sources */,
				B1F724A3263FCE4200A50B69 /* 34-FirstLastPosition.swift in Sources */,
				FE928AA627F8A76C00607EF3 /* MoveElementToEnd.swift in Sources */,
				FE928A8D27F80A5200607EF3 /* SortedSquaredArray.swift in Sources */,
				FEC9521327FC6C6D00FCE62A /* MinHeapConstruction.swift in Sources */,
				B113FD5E2657C7DD0080FDE2 /* DistinctArrayGenerator.swift in Sources */,
			);
			runOnlyForDeploymentPostprocessing = 0;
		};
/* End PBXSourcesBuildPhase section */

/* Begin PBXTargetDependency section */
		B1F72485263EAC5200A50B69 /* PBXTargetDependency */ = {
			isa = PBXTargetDependency;
			target = B1F72478263EAC5200A50B69 /* AlgorithmExercise */;
			targetProxy = B1F72484263EAC5200A50B69 /* PBXContainerItemProxy */;
		};
/* End PBXTargetDependency section */

/* Begin XCBuildConfiguration section */
		B1F7248B263EAC5200A50B69 /* Debug */ = {
			isa = XCBuildConfiguration;
			buildSettings = {
				ALWAYS_SEARCH_USER_PATHS = NO;
				CLANG_ANALYZER_NONNULL = YES;
				CLANG_ANALYZER_NUMBER_OBJECT_CONVERSION = YES_AGGRESSIVE;
				CLANG_CXX_LANGUAGE_STANDARD = "gnu++14";
				CLANG_CXX_LIBRARY = "libc++";
				CLANG_ENABLE_MODULES = YES;
				CLANG_ENABLE_OBJC_ARC = YES;
				CLANG_ENABLE_OBJC_WEAK = YES;
				CLANG_WARN_BLOCK_CAPTURE_AUTORELEASING = YES;
				CLANG_WARN_BOOL_CONVERSION = YES;
				CLANG_WARN_COMMA = YES;
				CLANG_WARN_CONSTANT_CONVERSION = YES;
				CLANG_WARN_DEPRECATED_OBJC_IMPLEMENTATIONS = YES;
				CLANG_WARN_DIRECT_OBJC_ISA_USAGE = YES_ERROR;
				CLANG_WARN_DOCUMENTATION_COMMENTS = YES;
				CLANG_WARN_EMPTY_BODY = YES;
				CLANG_WARN_ENUM_CONVERSION = YES;
				CLANG_WARN_INFINITE_RECURSION = YES;
				CLANG_WARN_INT_CONVERSION = YES;
				CLANG_WARN_NON_LITERAL_NULL_CONVERSION = YES;
				CLANG_WARN_OBJC_IMPLICIT_RETAIN_SELF = YES;
				CLANG_WARN_OBJC_LITERAL_CONVERSION = YES;
				CLANG_WARN_OBJC_ROOT_CLASS = YES_ERROR;
				CLANG_WARN_QUOTED_INCLUDE_IN_FRAMEWORK_HEADER = YES;
				CLANG_WARN_RANGE_LOOP_ANALYSIS = YES;
				CLANG_WARN_STRICT_PROTOTYPES = YES;
				CLANG_WARN_SUSPICIOUS_MOVE = YES;
				CLANG_WARN_UNGUARDED_AVAILABILITY = YES_AGGRESSIVE;
				CLANG_WARN_UNREACHABLE_CODE = YES;
				CLANG_WARN__DUPLICATE_METHOD_MATCH = YES;
				COPY_PHASE_STRIP = NO;
				CURRENT_PROJECT_VERSION = 1;
				DEBUG_INFORMATION_FORMAT = dwarf;
				ENABLE_STRICT_OBJC_MSGSEND = YES;
				ENABLE_TESTABILITY = YES;
				GCC_C_LANGUAGE_STANDARD = gnu11;
				GCC_DYNAMIC_NO_PIC = NO;
				GCC_NO_COMMON_BLOCKS = YES;
				GCC_OPTIMIZATION_LEVEL = 0;
				GCC_PREPROCESSOR_DEFINITIONS = (
					"DEBUG=1",
					"$(inherited)",
				);
				GCC_WARN_64_TO_32_BIT_CONVERSION = YES;
				GCC_WARN_ABOUT_RETURN_TYPE = YES_ERROR;
				GCC_WARN_UNDECLARED_SELECTOR = YES;
				GCC_WARN_UNINITIALIZED_AUTOS = YES_AGGRESSIVE;
				GCC_WARN_UNUSED_FUNCTION = YES;
				GCC_WARN_UNUSED_VARIABLE = YES;
				IPHONEOS_DEPLOYMENT_TARGET = 13.0;
				MACOSX_DEPLOYMENT_TARGET = 10.15;
				MTL_ENABLE_DEBUG_INFO = INCLUDE_SOURCE;
				MTL_FAST_MATH = YES;
				ONLY_ACTIVE_ARCH = YES;
				SDKROOT = iphoneos;
				SWIFT_ACTIVE_COMPILATION_CONDITIONS = DEBUG;
				SWIFT_OPTIMIZATION_LEVEL = "-Onone";
				SWIFT_SUPPRESS_WARNINGS = YES;
				VERSIONING_SYSTEM = "apple-generic";
				VERSION_INFO_PREFIX = "";
			};
			name = Debug;
		};
		B1F7248C263EAC5200A50B69 /* Release */ = {
			isa = XCBuildConfiguration;
			buildSettings = {
				ALWAYS_SEARCH_USER_PATHS = NO;
				CLANG_ANALYZER_NONNULL = YES;
				CLANG_ANALYZER_NUMBER_OBJECT_CONVERSION = YES_AGGRESSIVE;
				CLANG_CXX_LANGUAGE_STANDARD = "gnu++14";
				CLANG_CXX_LIBRARY = "libc++";
				CLANG_ENABLE_MODULES = YES;
				CLANG_ENABLE_OBJC_ARC = YES;
				CLANG_ENABLE_OBJC_WEAK = YES;
				CLANG_WARN_BLOCK_CAPTURE_AUTORELEASING = YES;
				CLANG_WARN_BOOL_CONVERSION = YES;
				CLANG_WARN_COMMA = YES;
				CLANG_WARN_CONSTANT_CONVERSION = YES;
				CLANG_WARN_DEPRECATED_OBJC_IMPLEMENTATIONS = YES;
				CLANG_WARN_DIRECT_OBJC_ISA_USAGE = YES_ERROR;
				CLANG_WARN_DOCUMENTATION_COMMENTS = YES;
				CLANG_WARN_EMPTY_BODY = YES;
				CLANG_WARN_ENUM_CONVERSION = YES;
				CLANG_WARN_INFINITE_RECURSION = YES;
				CLANG_WARN_INT_CONVERSION = YES;
				CLANG_WARN_NON_LITERAL_NULL_CONVERSION = YES;
				CLANG_WARN_OBJC_IMPLICIT_RETAIN_SELF = YES;
				CLANG_WARN_OBJC_LITERAL_CONVERSION = YES;
				CLANG_WARN_OBJC_ROOT_CLASS = YES_ERROR;
				CLANG_WARN_QUOTED_INCLUDE_IN_FRAMEWORK_HEADER = YES;
				CLANG_WARN_RANGE_LOOP_ANALYSIS = YES;
				CLANG_WARN_STRICT_PROTOTYPES = YES;
				CLANG_WARN_SUSPICIOUS_MOVE = YES;
				CLANG_WARN_UNGUARDED_AVAILABILITY = YES_AGGRESSIVE;
				CLANG_WARN_UNREACHABLE_CODE = YES;
				CLANG_WARN__DUPLICATE_METHOD_MATCH = YES;
				COPY_PHASE_STRIP = NO;
				CURRENT_PROJECT_VERSION = 1;
				DEBUG_INFORMATION_FORMAT = "dwarf-with-dsym";
				ENABLE_NS_ASSERTIONS = NO;
				ENABLE_STRICT_OBJC_MSGSEND = YES;
				GCC_C_LANGUAGE_STANDARD = gnu11;
				GCC_NO_COMMON_BLOCKS = YES;
				GCC_WARN_64_TO_32_BIT_CONVERSION = YES;
				GCC_WARN_ABOUT_RETURN_TYPE = YES_ERROR;
				GCC_WARN_UNDECLARED_SELECTOR = YES;
				GCC_WARN_UNINITIALIZED_AUTOS = YES_AGGRESSIVE;
				GCC_WARN_UNUSED_FUNCTION = YES;
				GCC_WARN_UNUSED_VARIABLE = YES;
				IPHONEOS_DEPLOYMENT_TARGET = 13.0;
				MACOSX_DEPLOYMENT_TARGET = 10.15;
				MTL_ENABLE_DEBUG_INFO = NO;
				MTL_FAST_MATH = YES;
				SDKROOT = iphoneos;
				SWIFT_COMPILATION_MODE = wholemodule;
				SWIFT_OPTIMIZATION_LEVEL = "-O";
				SWIFT_SUPPRESS_WARNINGS = YES;
				VALIDATE_PRODUCT = YES;
				VERSIONING_SYSTEM = "apple-generic";
				VERSION_INFO_PREFIX = "";
			};
			name = Release;
		};
		B1F7248E263EAC5200A50B69 /* Debug */ = {
			isa = XCBuildConfiguration;
			buildSettings = {
				CLANG_ENABLE_MODULES = YES;
				CODE_SIGN_STYLE = Automatic;
				DEFINES_MODULE = YES;
				DEVELOPMENT_TEAM = "";
				DYLIB_COMPATIBILITY_VERSION = 1;
				DYLIB_CURRENT_VERSION = 1;
				DYLIB_INSTALL_NAME_BASE = "@rpath";
				INFOPLIST_FILE = AlgorithmExercise/Info.plist;
				INSTALL_PATH = "$(LOCAL_LIBRARY_DIR)/Frameworks";
				IPHONEOS_DEPLOYMENT_TARGET = 13.0;
				"IPHONEOS_DEPLOYMENT_TARGET[sdk=macosx*]" = 13.5;
				LD_RUNPATH_SEARCH_PATHS = (
					"$(inherited)",
					"@executable_path/Frameworks",
					"@loader_path/Frameworks",
				);
				PRODUCT_BUNDLE_IDENTIFIER = com.progresivisme.LeetCode;
				PRODUCT_NAME = "$(TARGET_NAME:c99extidentifier)";
				SKIP_INSTALL = YES;
				SUPPORTS_MACCATALYST = NO;
				SUPPORTS_MAC_DESIGNED_FOR_IPHONE_IPAD = NO;
				SWIFT_OPTIMIZATION_LEVEL = "-Onone";
				SWIFT_VERSION = 5.0;
				TARGETED_DEVICE_FAMILY = 1;
			};
			name = Debug;
		};
		B1F7248F263EAC5200A50B69 /* Release */ = {
			isa = XCBuildConfiguration;
			buildSettings = {
				CLANG_ENABLE_MODULES = YES;
				CODE_SIGN_STYLE = Automatic;
				DEFINES_MODULE = YES;
				DEVELOPMENT_TEAM = "";
				DYLIB_COMPATIBILITY_VERSION = 1;
				DYLIB_CURRENT_VERSION = 1;
				DYLIB_INSTALL_NAME_BASE = "@rpath";
				INFOPLIST_FILE = AlgorithmExercise/Info.plist;
				INSTALL_PATH = "$(LOCAL_LIBRARY_DIR)/Frameworks";
				IPHONEOS_DEPLOYMENT_TARGET = 13.0;
				"IPHONEOS_DEPLOYMENT_TARGET[sdk=macosx*]" = 13.5;
				LD_RUNPATH_SEARCH_PATHS = (
					"$(inherited)",
					"@executable_path/Frameworks",
					"@loader_path/Frameworks",
				);
				PRODUCT_BUNDLE_IDENTIFIER = com.progresivisme.LeetCode;
				PRODUCT_NAME = "$(TARGET_NAME:c99extidentifier)";
				SKIP_INSTALL = YES;
				SUPPORTS_MACCATALYST = NO;
				SUPPORTS_MAC_DESIGNED_FOR_IPHONE_IPAD = NO;
				SWIFT_VERSION = 5.0;
				TARGETED_DEVICE_FAMILY = 1;
			};
			name = Release;
		};
		B1F72491263EAC5200A50B69 /* Debug */ = {
			isa = XCBuildConfiguration;
			buildSettings = {
				ALWAYS_EMBED_SWIFT_STANDARD_LIBRARIES = YES;
				CODE_SIGN_IDENTITY = "Apple Development";
				"CODE_SIGN_IDENTITY[sdk=macosx*]" = "-";
				CODE_SIGN_STYLE = Manual;
				DEVELOPMENT_TEAM = "";
				INFOPLIST_FILE = AlgorithmExerciseTests/Info.plist;
				LD_RUNPATH_SEARCH_PATHS = (
					"$(inherited)",
					"@executable_path/Frameworks",
					"@loader_path/Frameworks",
				);
				MACOSX_DEPLOYMENT_TARGET = 10.15;
				PRODUCT_BUNDLE_IDENTIFIER = com.progresivisme.LeetCodeTests;
				PRODUCT_NAME = "$(TARGET_NAME)";
				PROVISIONING_PROFILE_SPECIFIER = "";
				"PROVISIONING_PROFILE_SPECIFIER[sdk=macosx*]" = "";
				SUPPORTS_MACCATALYST = NO;
				SUPPORTS_MAC_DESIGNED_FOR_IPHONE_IPAD = NO;
				SWIFT_VERSION = 5.0;
				TARGETED_DEVICE_FAMILY = "1,2";
			};
			name = Debug;
		};
		B1F72492263EAC5200A50B69 /* Release */ = {
			isa = XCBuildConfiguration;
			buildSettings = {
				ALWAYS_EMBED_SWIFT_STANDARD_LIBRARIES = YES;
				CODE_SIGN_IDENTITY = "Apple Development";
				"CODE_SIGN_IDENTITY[sdk=macosx*]" = "-";
				CODE_SIGN_STYLE = Manual;
				DEVELOPMENT_TEAM = "";
				INFOPLIST_FILE = AlgorithmExerciseTests/Info.plist;
				LD_RUNPATH_SEARCH_PATHS = (
					"$(inherited)",
					"@executable_path/Frameworks",
					"@loader_path/Frameworks",
				);
				MACOSX_DEPLOYMENT_TARGET = 10.15;
				PRODUCT_BUNDLE_IDENTIFIER = com.progresivisme.LeetCodeTests;
				PRODUCT_NAME = "$(TARGET_NAME)";
				PROVISIONING_PROFILE_SPECIFIER = "";
				"PROVISIONING_PROFILE_SPECIFIER[sdk=macosx*]" = "";
				SUPPORTS_MACCATALYST = NO;
				SUPPORTS_MAC_DESIGNED_FOR_IPHONE_IPAD = NO;
				SWIFT_VERSION = 5.0;
				TARGETED_DEVICE_FAMILY = "1,2";
			};
			name = Release;
		};
/* End XCBuildConfiguration section */

/* Begin XCConfigurationList section */
		B1F72473263EAC5200A50B69 /* Build configuration list for PBXProject "AlgorithmExercise" */ = {
			isa = XCConfigurationList;
			buildConfigurations = (
				B1F7248B263EAC5200A50B69 /* Debug */,
				B1F7248C263EAC5200A50B69 /* Release */,
			);
			defaultConfigurationIsVisible = 0;
			defaultConfigurationName = Release;
		};
		B1F7248D263EAC5200A50B69 /* Build configuration list for PBXNativeTarget "AlgorithmExercise" */ = {
			isa = XCConfigurationList;
			buildConfigurations = (
				B1F7248E263EAC5200A50B69 /* Debug */,
				B1F7248F263EAC5200A50B69 /* Release */,
			);
			defaultConfigurationIsVisible = 0;
			defaultConfigurationName = Release;
		};
		B1F72490263EAC5200A50B69 /* Build configuration list for PBXNativeTarget "AlgorithmExerciseTests" */ = {
			isa = XCConfigurationList;
			buildConfigurations = (
				B1F72491263EAC5200A50B69 /* Debug */,
				B1F72492263EAC5200A50B69 /* Release */,
			);
			defaultConfigurationIsVisible = 0;
			defaultConfigurationName = Release;
		};
/* End XCConfigurationList section */
	};
	rootObject = B1F72470263EAC5200A50B69 /* Project object */;
}
